// !$*UTF8*$!
{
	archiveVersion = 1;
	classes = {
	};
	objectVersion = 54;
	objects = {

/* Begin PBXBuildFile section */
		04CEACE6B8CA1B48B3AACDEB /* UtilityRecord.swift in Sources */ = {isa = PBXBuildFile; fileRef = 706676D2C24D95967B5009DC /* UtilityRecord.swift */; };
		04F163198B7FFF6914DC7162 /* ComplicationProvider.swift in Sources */ = {isa = PBXBuildFile; fileRef = 1BDC3B7711D9E5B0F9F6DE48 /* ComplicationProvider.swift */; };
		05E437437494AB2C2B4893BB /* CleaningNotificationService.swift in Sources */ = {isa = PBXBuildFile; fileRef = 15869D02239D08163D37B93A /* CleaningNotificationService.swift */; };
		07337588A01586E6FD2DB15C /* Expense.swift in Sources */ = {isa = PBXBuildFile; fileRef = 83BBB15FB7353B00736BFFB4 /* Expense.swift */; };
		0D5085634FA2F4BCFB49AFF4 /* HomeControlView.swift in Sources */ = {isa = PBXBuildFile; fileRef = C5A2D76B51A3FD6A1DBFAAE6 /* HomeControlView.swift */; };
		0FC4C6D52A526D0A39DDB382 /* Beds24Tests.swift in Sources */ = {isa = PBXBuildFile; fileRef = 1EDC12EF7619F952CDC5C097 /* Beds24Tests.swift */; };
		1139C3EFC683D4DE96A5ECF2 /* TeamView.swift in Sources */ = {isa = PBXBuildFile; fileRef = 75EEF33DCF83EDD8EA80E9D5 /* TeamView.swift */; };
		113A8623FC8B2F76E3E5218C /* MaintenanceTask.swift in Sources */ = {isa = PBXBuildFile; fileRef = C190FF87DB232B39D1DEF742 /* MaintenanceTask.swift */; };
		14CFA2D67BC843F27E453ED4 /* RevenueHeatmapView.swift in Sources */ = {isa = PBXBuildFile; fileRef = DF8F1B08B635B44524D8BFB2 /* RevenueHeatmapView.swift */; };
		14DB6665863655885FA979F1 /* GuestChatView.swift in Sources */ = {isa = PBXBuildFile; fileRef = D0A954BB6EC3F306C8E2780D /* GuestChatView.swift */; };
		15523C6D8F847A9DFAF4C3EA /* CloudSyncView.swift in Sources */ = {isa = PBXBuildFile; fileRef = 9E6A553743187CBEAF1279EC /* CloudSyncView.swift */; };
		185887FB8375F715ABE61510 /* TemairaClient.swift in Sources */ = {isa = PBXBuildFile; fileRef = 460C94A117D702F623FE9348 /* TemairaClient.swift */; };
		1945567B04ACD0105C070EE3 /* ChecklistItem.swift in Sources */ = {isa = PBXBuildFile; fileRef = 1BF72FD87FDE3B8024079E91 /* ChecklistItem.swift */; };
		1AD04C7E0E29A2FDB7FB17B0 /* GuestLocalization.swift in Sources */ = {isa = PBXBuildFile; fileRef = D3A50B7FC5452D71572FBCDC /* GuestLocalization.swift */; };
		1B7F1D50099715B07A7D7BB7 /* MaintenanceView.swift in Sources */ = {isa = PBXBuildFile; fileRef = ACEEF959ED61C79789BCE531 /* MaintenanceView.swift */; };
		1D8DB5076F3DC8478E1BF52B /* SoundPlayer.swift in Sources */ = {isa = PBXBuildFile; fileRef = 3B153E5A745042682B9C5E5E /* SoundPlayer.swift */; };
		1F54F593E23A0FF022AF4470 /* KachaUITests.swift in Sources */ = {isa = PBXBuildFile; fileRef = 2ECB4FB7EEB68F2FF93B870B /* KachaUITests.swift */; };
		202178F1E9C71356A333D319 /* ChecklistView.swift in Sources */ = {isa = PBXBuildFile; fileRef = DFF9F29AA36D5EA8C3C0255F /* ChecklistView.swift */; };
		2174615BAAFF5CFFD22141BD /* HouseManualView.swift in Sources */ = {isa = PBXBuildFile; fileRef = 7B006D885C4207A8CBBDDAEE /* HouseManualView.swift */; };
		22DB6CD013E4411D3ABE4CEC /* KachaApp.swift in Sources */ = {isa = PBXBuildFile; fileRef = E89BF7B6C864754A7FCE9375 /* KachaApp.swift */; };
		2349A9FB2E2A3B7ADD13D109 /* KAGIBLEManager.swift in Sources */ = {isa = PBXBuildFile; fileRef = 5BF4A6DF7F4D8B8F2F3F769A /* KAGIBLEManager.swift */; };
		2397F8D011D0D555BDF79B45 /* VaultPageView.swift in Sources */ = {isa = PBXBuildFile; fileRef = C2D622EF4A381F9287566742 /* VaultPageView.swift */; };
		241F0A22455D6036369FA268 /* Beds24Client.swift in Sources */ = {isa = PBXBuildFile; fileRef = DCC08ABE8F6B17BFB01A0CAE /* Beds24Client.swift */; };
		242F58D2019341A512038078 /* SmartDevice.swift in Sources */ = {isa = PBXBuildFile; fileRef = BD16967AE38FC49E46E0DD01 /* SmartDevice.swift */; };
		275E4372B2AC45B616CCA010 /* DeviceAlertView.swift in Sources */ = {isa = PBXBuildFile; fileRef = 065FC965E0BAA44E8C904B81 /* DeviceAlertView.swift */; };
		27FDE4B017A58201EAA04B51 /* VaultEncryption.swift in Sources */ = {isa = PBXBuildFile; fileRef = DF7A5CFBA7C2F8466F90501D /* VaultEncryption.swift */; };
		287380B58E2EF6AC9EEC0A29 /* ContentView.swift in Sources */ = {isa = PBXBuildFile; fileRef = 7BE953FA1594D81A67EE803E /* ContentView.swift */; };
		2AA63BDC1959E269BF1294AE /* VaultView.swift in Sources */ = {isa = PBXBuildFile; fileRef = 1FB18BD8350978C3E3FA4513 /* VaultView.swift */; };
		2DFDEAD6AED5E0B0ECAD99BD /* BookingTests.swift in Sources */ = {isa = PBXBuildFile; fileRef = 9600E8BF370AEE0A44AC7807 /* BookingTests.swift */; };
		2E6FF3089527828110622EF7 /* CustomWebhookClient.swift in Sources */ = {isa = PBXBuildFile; fileRef = 9D70E215F9DE7390843E2DF7 /* CustomWebhookClient.swift */; };
		2E70630F6139CD6FD8530FFD /* WidgetViews.swift in Sources */ = {isa = PBXBuildFile; fileRef = B8F318F2DB4D19735087A3FE /* WidgetViews.swift */; };
		34E08D361F512BBFF7221760 /* VoiceControlView.swift in Sources */ = {isa = PBXBuildFile; fileRef = DF3D889890C8396509BAFE8C /* VoiceControlView.swift */; };
		3586CBC736C3DC757ACAD60E /* AddBookingView.swift in Sources */ = {isa = PBXBuildFile; fileRef = 4769D86BDFA6A76D75263DE7 /* AddBookingView.swift */; };
		3753DB91A24E15DBFC6CCEF7 /* AddDeviceView.swift in Sources */ = {isa = PBXBuildFile; fileRef = 8FC865AA02FDC96978238EDC /* AddDeviceView.swift */; };
		38545DED9FFD5BF4ADF288FF /* KachaWatchApp.swift in Sources */ = {isa = PBXBuildFile; fileRef = 5FB5B67FA3D999266F720360 /* KachaWatchApp.swift */; };
		38D77CF8E8A8A2ED3377DD3E /* GuestCardView.swift in Sources */ = {isa = PBXBuildFile; fileRef = 9E851084952E3CAFC34523A4 /* GuestCardView.swift */; };
		38DFFD79AD90FA8022CEAD8E /* ExpenseIntegrationView.swift in Sources */ = {isa = PBXBuildFile; fileRef = F257BE471448A400CA948FD0 /* ExpenseIntegrationView.swift */; };
		39B86E19DEC577A5CBB25534 /* OnboardingView.swift in Sources */ = {isa = PBXBuildFile; fileRef = FA796739C47F10BF06AC0100 /* OnboardingView.swift */; };
		3BBA89984CD05EF1A1751554 /* IntentHomeSync.swift in Sources */ = {isa = PBXBuildFile; fileRef = 41A8CB296C488D526417E66E /* IntentHomeSync.swift */; };
		3C0B3B977B83A8050CE237D7 /* AnalyticsDashboardView.swift in Sources */ = {isa = PBXBuildFile; fileRef = 19433A38FF73F82506EBAB25 /* AnalyticsDashboardView.swift */; };
		3D60D0BD67072D7A194F026D /* GuestMessenger.swift in Sources */ = {isa = PBXBuildFile; fileRef = CB04048E4EB01CEF369353F2 /* GuestMessenger.swift */; };
		3E58A61E01C56197C88A7AB8 /* Theme.swift in Sources */ = {isa = PBXBuildFile; fileRef = 0A39BB08C1DE304C861E6DDF /* Theme.swift */; };
		424BA9FA4D52ED1C93B7CDBC /* CloudSyncServiceTests.swift in Sources */ = {isa = PBXBuildFile; fileRef = 2B3CFD5F01A6CFAE87F573EF /* CloudSyncServiceTests.swift */; };
		427C5F817BFE63A50C7E74D0 /* ShareClient.swift in Sources */ = {isa = PBXBuildFile; fileRef = 3BDCA8C9C6D061BAB8F01581 /* ShareClient.swift */; };
		441E8FD8EFFDEDE3C2F16F94 /* PricingSuggestionService.swift in Sources */ = {isa = PBXBuildFile; fileRef = 6225C6F3C04A1B644AB513BD /* PricingSuggestionService.swift */; };
		4434426571434D0608ABCBF5 /* CalendarAvailabilityView.swift in Sources */ = {isa = PBXBuildFile; fileRef = 903844E100FADD9AE75B29D3 /* CalendarAvailabilityView.swift */; };
		46517CD149BCA7E55FF81F9D /* KachaLockAttributes.swift in Sources */ = {isa = PBXBuildFile; fileRef = A75E1ADB6E28C8039D87050B /* KachaLockAttributes.swift */; };
		47C6016E2A32883EE332C370 /* DeviceIntegration.swift in Sources */ = {isa = PBXBuildFile; fileRef = E9F988902B241B24F23EEE0E /* DeviceIntegration.swift */; };
		4A274C4938D6CFA866D21802 /* AirhostClient.swift in Sources */ = {isa = PBXBuildFile; fileRef = FB8970A04FC2B1FBD966E965 /* AirhostClient.swift */; };
		4ED9B0D1C3597EA78F5B41C8 /* HomePagerView.swift in Sources */ = {isa = PBXBuildFile; fileRef = 160015E2DF380320E342D98A /* HomePagerView.swift */; };
		5692DBECEB7B4EC1984B5E7B /* Booking.swift in Sources */ = {isa = PBXBuildFile; fileRef = 0068BF8C4B0125A9301E4AC2 /* Booking.swift */; };
		57361277C31B79754DA683FE /* GuestPageTests.swift in Sources */ = {isa = PBXBuildFile; fileRef = F10694603FB4C88B8D7CC7A3 /* GuestPageTests.swift */; };
		57BAAE50E0C9FAA6AF763493 /* LockToggleIntent.swift in Sources */ = {isa = PBXBuildFile; fileRef = 72B2725C30BF13F4FCF46F46 /* LockToggleIntent.swift */; };
		59F2085DE829D0E540CEB606 /* ReportExportService.swift in Sources */ = {isa = PBXBuildFile; fileRef = 7AE71E0CB6DD12F3351EC5E2 /* ReportExportService.swift */; };
		5A3E6A63CBF94C59A0C26271 /* SidebarView.swift in Sources */ = {isa = PBXBuildFile; fileRef = CC107A395925B94DC3E39D02 /* SidebarView.swift */; };
		5D29ABC7A5FD5D39490ECCE6 /* DeviceLogSyncer.swift in Sources */ = {isa = PBXBuildFile; fileRef = 65411F6821DCAD885D29DB7D /* DeviceLogSyncer.swift */; };
		5E63D765CC880A8672A332BD /* HouseManual.swift in Sources */ = {isa = PBXBuildFile; fileRef = 36528C3D52714B042FBD63B8 /* HouseManual.swift */; };
		5F6CCA1C776F496DF43409FD /* AutomationEngine.swift in Sources */ = {isa = PBXBuildFile; fileRef = 19E6CFAF993BA526C295EAF9 /* AutomationEngine.swift */; };
		60D13596C7D4AC6DBDE5B557 /* ChatWebVaultSync.swift in Sources */ = {isa = PBXBuildFile; fileRef = 6B4333C80AC4DC0E2D0D634B /* ChatWebVaultSync.swift */; };
		64C319DAE37EE059B4F673F6 /* BookingView.swift in Sources */ = {isa = PBXBuildFile; fileRef = F42E0B7D1773EDB94A1C55CD /* BookingView.swift */; };
		654F6D9993AE0C02836A5908 /* CelebrationEffect.swift in Sources */ = {isa = PBXBuildFile; fileRef = 9183E03019349FA880E6457D /* CelebrationEffect.swift */; };
		66937C83B5120D1343E68279 /* BookingPoller.swift in Sources */ = {isa = PBXBuildFile; fileRef = 5A3025F580CDCB2BAB1C92CD /* BookingPoller.swift */; };
		66C3971587E732DD4FB143B4 /* SettingsView.swift in Sources */ = {isa = PBXBuildFile; fileRef = 7DBCFCDF59A790E77A47EBEA /* SettingsView.swift */; };
		6ADFEA5BD9DA2A9115A17D76 /* HomeView.swift in Sources */ = {isa = PBXBuildFile; fileRef = 8A514031FEF470BC9E5CE411 /* HomeView.swift */; };
		6D19AEFA31DCC33349C53045 /* NukiClient.swift in Sources */ = {isa = PBXBuildFile; fileRef = E6F9D70D846BC44CF5A602BC /* NukiClient.swift */; };
		6D521A476A5E9D3330BCCA61 /* KAGISetupView.swift in Sources */ = {isa = PBXBuildFile; fileRef = 22D149B8E7EBA2F2B2565578 /* KAGISetupView.swift */; };
		70B670D9DA8612D9AA6F3479 /* CleaningReport.swift in Sources */ = {isa = PBXBuildFile; fileRef = 2A9083365BC5B6DF55C0F6AF /* CleaningReport.swift */; };
		7552DFD723F3D10DB01F3AC4 /* KachaClipApp.swift in Sources */ = {isa = PBXBuildFile; fileRef = 02E082516436AAAF4B5702AF /* KachaClipApp.swift */; };
		7636A80377BF8031ACE00F38 /* ReviewsView.swift in Sources */ = {isa = PBXBuildFile; fileRef = FBF95A801D4C24BC16633076 /* ReviewsView.swift */; };
		770FB93DBD638FDCEFD2D63C /* KachaWidgetProvider.swift in Sources */ = {isa = PBXBuildFile; fileRef = BF9FF991C3224B0466A07F19 /* KachaWidgetProvider.swift */; };
		7862EC0E078C9CC022633991 /* SecureItem.swift in Sources */ = {isa = PBXBuildFile; fileRef = 02BAAC5A7F6865955238BB8D /* SecureItem.swift */; };
		79730FD8AA75163C8B1736C5 /* PricingRule.swift in Sources */ = {isa = PBXBuildFile; fileRef = B10DE186DF18EB44D13627BC /* PricingRule.swift */; };
		79A59580BF702C3F49DD8311 /* GuestGuideView.swift in Sources */ = {isa = PBXBuildFile; fileRef = 5F3C68D52D9631D27CDF2043 /* GuestGuideView.swift */; };
		7BE36E174B9E608A15C68560 /* AutomationRule.swift in Sources */ = {isa = PBXBuildFile; fileRef = 7B68D61A0DC9E506F2C153D8 /* AutomationRule.swift */; };
		7CB3ABFC506E5F05E6BF3BC9 /* ShareCalendarView.swift in Sources */ = {isa = PBXBuildFile; fileRef = 08025785F422D2919C6DA942 /* ShareCalendarView.swift */; };
		7EBEC5D66C41A9C3C251A9A1 /* WatchHomeView.swift in Sources */ = {isa = PBXBuildFile; fileRef = BF7E95FFA9BE8918FBF4158D /* WatchHomeView.swift */; };
		84C77081AE410C6C87AB9F8A /* DeviceMonitorService.swift in Sources */ = {isa = PBXBuildFile; fileRef = 162F214A0422A7194AA90B4B /* DeviceMonitorService.swift */; };
		8700E1EFF2794A8AEEE0D7B2 /* PricingSuggestionView.swift in Sources */ = {isa = PBXBuildFile; fileRef = EB22A3A833DF06FE5837B314 /* PricingSuggestionView.swift */; };
		896C00AA94FC5AAEA9E6CC1B /* PropertyMapView.swift in Sources */ = {isa = PBXBuildFile; fileRef = 20BA3ADD4BA409C65FE246ED /* PropertyMapView.swift */; };
		8D263CF05E220E96780F9D86 /* DeviceAlert.swift in Sources */ = {isa = PBXBuildFile; fileRef = 5BABA191063F2FAE1144B2B7 /* DeviceAlert.swift */; };
		8E7EB8F97E6FBD9956C6F137 /* KAGIService.swift in Sources */ = {isa = PBXBuildFile; fileRef = 61EA27E96F21CEBBEF584299 /* KAGIService.swift */; };
		90BFDC67D2B1F3DC2BF4A125 /* WatchConnectivityManager.swift in Sources */ = {isa = PBXBuildFile; fileRef = 86E0228765EAE5D3ED3CC100 /* WatchConnectivityManager.swift */; };
		90FF89A372AE781E3B5504D0 /* BookingDetailView.swift in Sources */ = {isa = PBXBuildFile; fileRef = 6A259AED848AB4C8EA9E334F /* BookingDetailView.swift */; };
		917C4552E16AC798887C1868 /* SesameClient.swift in Sources */ = {isa = PBXBuildFile; fileRef = 0668A0574B44F66A312B807A /* SesameClient.swift */; };
		94D166B50EB7124EA0361B09 /* RevenueReportView.swift in Sources */ = {isa = PBXBuildFile; fileRef = 6651802531863B94FDCF097B /* RevenueReportView.swift */; };
		9651F421E9FAA78DC4E5463D /* KachaWidget.swift in Sources */ = {isa = PBXBuildFile; fileRef = 9A35820CB7F24AA30DE13515 /* KachaWidget.swift */; };
		9870A57715DDEA01D8423448 /* CalendarView.swift in Sources */ = {isa = PBXBuildFile; fileRef = 132DA316B0CD860F60709030 /* CalendarView.swift */; };
		9BB9B10F92BDE7A06C1ACBEC /* VoiceCommandManager.swift in Sources */ = {isa = PBXBuildFile; fileRef = 3EC6ABBDF8CC69A388C09BE4 /* VoiceCommandManager.swift */; };
		9CA977D45EC36D9776A9E5AE /* GuestClipView.swift in Sources */ = {isa = PBXBuildFile; fileRef = 8CA567B91BA70BD236424051 /* GuestClipView.swift */; };
		9D5414FF58F03354EC5104E8 /* AutoPricingView.swift in Sources */ = {isa = PBXBuildFile; fileRef = E3AD228A71AB62B2F5DB3AC3 /* AutoPricingView.swift */; };
		9EAC8CC6557D4BA12675E158 /* PMSProvider.swift in Sources */ = {isa = PBXBuildFile; fileRef = BAB5D0A3ED2626B0E4731E02 /* PMSProvider.swift */; };
		9EC615495DFCFB31A07104F6 /* SafetyDashboardView.swift in Sources */ = {isa = PBXBuildFile; fileRef = 9BE1A34B9BFCF31174A58EAA /* SafetyDashboardView.swift */; };
		A535489F46C28B356702DA0B /* SecurityInfoView.swift in Sources */ = {isa = PBXBuildFile; fileRef = 29E6C3F6C13060C797DE77BE /* SecurityInfoView.swift */; };
		A6100AB632852E7577823899 /* ActivityLog.swift in Sources */ = {isa = PBXBuildFile; fileRef = 4F3B1C9D98AC15A4C6B5F359 /* ActivityLog.swift */; };
		A8B4D56EA95A037457DFC505 /* VaultEncryptionTests.swift in Sources */ = {isa = PBXBuildFile; fileRef = 0BA1C91363D3BF72FFCAFC21 /* VaultEncryptionTests.swift */; };
		AB1CD0A08A666523214FBDC0 /* CleaningManagementView.swift in Sources */ = {isa = PBXBuildFile; fileRef = 4A441A03544C574CF65CCE8C /* CleaningManagementView.swift */; };
		AC43BB3319EC47FD8B384400 /* Assets.xcassets in Resources */ = {isa = PBXBuildFile; fileRef = 355C423920E61CBDAEF55751 /* Assets.xcassets */; };
		AD24B31F60B6B6667BD47C16 /* WidgetDataSync.swift in Sources */ = {isa = PBXBuildFile; fileRef = AD91F890DC8CA41367F16F7D /* WidgetDataSync.swift */; };
		AD90E02B1F35222565357FB7 /* AutomationView.swift in Sources */ = {isa = PBXBuildFile; fileRef = 37F90FBB9CB6FAFBB0309F35 /* AutomationView.swift */; };
		AEAA1DB38EEE0B8C238DEE63 /* PermitGuideView.swift in Sources */ = {isa = PBXBuildFile; fileRef = 1C8F685D38047FF791825571 /* PermitGuideView.swift */; };
		AF8C83C18F5EFC9CC8103DA7 /* GeofenceManager.swift in Sources */ = {isa = PBXBuildFile; fileRef = 0CE8733CB6FF67F0F2F96953 /* GeofenceManager.swift */; };
		B005BC09D50FE94DDC76C525 /* SubscriptionManager.swift in Sources */ = {isa = PBXBuildFile; fileRef = EB1CF7DF0A6A431F72B3F4EB /* SubscriptionManager.swift */; };
		B1A45B58765CAF7A47AF6E56 /* VaultTabWrapper.swift in Sources */ = {isa = PBXBuildFile; fileRef = D77AD7D7C7CB083362A631FC /* VaultTabWrapper.swift */; };
		B2633B8D1D9E82DAE4E7C65D /* SentMessage.swift in Sources */ = {isa = PBXBuildFile; fileRef = A0A0CB51626228DF521362F6 /* SentMessage.swift */; };
		B2BE4BA6738B3A36B0C0589D /* ICalImporter.swift in Sources */ = {isa = PBXBuildFile; fileRef = 71A30F5AEBA76259343DCB7B /* ICalImporter.swift */; };
		B2DD9A8E80CF0B46CA06942A /* IntentExecutor.swift in Sources */ = {isa = PBXBuildFile; fileRef = FB100CD2B757485CF67CDB2C /* IntentExecutor.swift */; };
		B5F0C7BD27C7A2997BFFB0FD /* CrashLogger.swift in Sources */ = {isa = PBXBuildFile; fileRef = 76A77D3FDB552C140E3149E5 /* CrashLogger.swift */; };
		B6F2F22A46472DBDA06B24C2 /* SeedData.swift in Sources */ = {isa = PBXBuildFile; fileRef = D09A76D1BDF1EA7B4A016620 /* SeedData.swift */; };
		B780364493480FF668046FFB /* ChannelSettingsView.swift in Sources */ = {isa = PBXBuildFile; fileRef = A18158BEA6FB3B3E4284F9FB /* ChannelSettingsView.swift */; };
		B7F5BF8223E04621E7D6BB43 /* ChatWebSyncSheet.swift in Sources */ = {isa = PBXBuildFile; fileRef = C5E7645B6944042DF9A58259 /* ChatWebSyncSheet.swift */; };
		B9FD7C5865D80BBD83CA6FF7 /* NatureRemoClient.swift in Sources */ = {isa = PBXBuildFile; fileRef = 75A7738C9B133BAD5F2D5277 /* NatureRemoClient.swift */; };
		C0A20ABFE84E381EAEF7F37A /* ReplySuggestionService.swift in Sources */ = {isa = PBXBuildFile; fileRef = 32158B774C086E21BC995178 /* ReplySuggestionService.swift */; };
		C0A6844731A08880AEB7CD08 /* DeviceView.swift in Sources */ = {isa = PBXBuildFile; fileRef = DEFDB187FC95534AEC056E23 /* DeviceView.swift */; };
		C1E3020FFB1DE2032F428854 /* Assets.xcassets in Resources */ = {isa = PBXBuildFile; fileRef = 54E33957752AEBFE450C0596 /* Assets.xcassets */; };
		C5422D306CB4B712E2157822 /* RevenueDashboardView.swift in Sources */ = {isa = PBXBuildFile; fileRef = BB83BE6B37284891003E58D5 /* RevenueDashboardView.swift */; };
		C55AA517F120AC015960CDB3 /* GuestPageClient.swift in Sources */ = {isa = PBXBuildFile; fileRef = EC68846A859A907B966E596F /* GuestPageClient.swift */; };
		C7B7AC3A2393B9C777AC84C4 /* BackgroundRefresh.swift in Sources */ = {isa = PBXBuildFile; fileRef = EFDE5DB46451C658BE8EDE3A /* BackgroundRefresh.swift */; };
		CA5C11B1D6767FCCF7750B64 /* DeviceMonitorTests.swift in Sources */ = {isa = PBXBuildFile; fileRef = 3EDACC063DCAF9701B9DE073 /* DeviceMonitorTests.swift */; };
		CB637F4FF456AC5A2BB336F4 /* KAGIDevice.swift in Sources */ = {isa = PBXBuildFile; fileRef = 265B70DD183D503B1886CC1B /* KAGIDevice.swift */; };
		D17C4025CE2547E918ADB7ED /* ShareRecord.swift in Sources */ = {isa = PBXBuildFile; fileRef = 05A0EDD94BEFEE28BAC81C62 /* ShareRecord.swift */; };
		D1DDF49E11A7217960D157A2 /* PricingSuggestionTests.swift in Sources */ = {isa = PBXBuildFile; fileRef = DE3144195A13E2CBED2C4610 /* PricingSuggestionTests.swift */; };
		D24AD72FB6287F5B185E8A54 /* iPadContentView.swift in Sources */ = {isa = PBXBuildFile; fileRef = 165A3D56ACF9557F7D227942 /* iPadContentView.swift */; };
		D2B2E50F17B090F7C5FB7DD5 /* VaultImportView.swift in Sources */ = {isa = PBXBuildFile; fileRef = 8A1B480CDB5D65DBFBB8A000 /* VaultImportView.swift */; };
		D3D161FFBB8591EC0CACD99A /* WatchConnectivityManager.swift in Sources */ = {isa = PBXBuildFile; fileRef = 3B807D87BC74FD287A183C3F /* WatchConnectivityManager.swift */; };
		D4492ACE9D921DF35EF6C44F /* HomeShareView.swift in Sources */ = {isa = PBXBuildFile; fileRef = 06827396B74878C3BB4D53AF /* HomeShareView.swift */; };
		D5A4F05C6BB58AD03156392D /* CleaningReportView.swift in Sources */ = {isa = PBXBuildFile; fileRef = DAAD169465EE5DBFAE05B1B4 /* CleaningReportView.swift */; };
		DB076CFC7F5C00FB9A1595C2 /* LiveActivityManager.swift in Sources */ = {isa = PBXBuildFile; fileRef = F35182EADA29CA205A4B0F54 /* LiveActivityManager.swift */; };
		DF02CB5CD38B4F6BE262E861 /* LINEMessagingClient.swift in Sources */ = {isa = PBXBuildFile; fileRef = 178648ECA30DFCA16AB4A9D2 /* LINEMessagingClient.swift */; };
		E2072AEA3954F9694168BD3F /* GuestMessageView.swift in Sources */ = {isa = PBXBuildFile; fileRef = 589873A5111678458952DDD4 /* GuestMessageView.swift */; };
		E39E161E66933B76ADF4D437 /* PropertyListView.swift in Sources */ = {isa = PBXBuildFile; fileRef = 304DDF665C43330765C902FA /* PropertyListView.swift */; };
		E7FB2D4224197639312B80DF /* ActivityLogView.swift in Sources */ = {isa = PBXBuildFile; fileRef = CE9F5904D70A3FCDEB23D20C /* ActivityLogView.swift */; };
		E94F6AD123ACCBF0C441AD1A /* ModelTests.swift in Sources */ = {isa = PBXBuildFile; fileRef = B055EFE5AB8D4365917B5C4E /* ModelTests.swift */; };
		E9F45288CA6B5F76E5184540 /* KeychainBackup.swift in Sources */ = {isa = PBXBuildFile; fileRef = EB4FA583B92F4007538C62DB /* KeychainBackup.swift */; };
		EA9D176F437ED6EFDD7AF58F /* Home.swift in Sources */ = {isa = PBXBuildFile; fileRef = 87C38490B5E9B7D171FDB3D8 /* Home.swift */; };
		EB3ADA9AC534A408629845C3 /* SubscriptionView.swift in Sources */ = {isa = PBXBuildFile; fileRef = 36FD86D0592B03028A03873B /* SubscriptionView.swift */; };
		EB54952FEF635CA1FB34517A /* AutomationEngineTests.swift in Sources */ = {isa = PBXBuildFile; fileRef = 1897B19C46BB122C9FA45239 /* AutomationEngineTests.swift */; };
		EBFE8261E06CF85D4C8668C9 /* GeminiReplyService.swift in Sources */ = {isa = PBXBuildFile; fileRef = 871FE5A982756AE75248115C /* GeminiReplyService.swift */; };
		EF81C29A2AA5012CEB538248 /* SwitchBotClient.swift in Sources */ = {isa = PBXBuildFile; fileRef = 8D434ABEDE8CBCF81DAB40B4 /* SwitchBotClient.swift */; };
		F2128682F1EDB21CAF812A5E /* CloudSyncService.swift in Sources */ = {isa = PBXBuildFile; fileRef = E3E374DA92146CE62CFBFE0B /* CloudSyncService.swift */; };
		F40C57058EABE1C1A59D4E67 /* ShareTests.swift in Sources */ = {isa = PBXBuildFile; fileRef = 377E94109DEDCA4F49937DB7 /* ShareTests.swift */; };
		F463539A779177B5E82FCBB9 /* HueClient.swift in Sources */ = {isa = PBXBuildFile; fileRef = 6480544F5EE3A4BB9E3659A7 /* HueClient.swift */; };
		F998305354886C544BEDC22A /* WatchLockView.swift in Sources */ = {isa = PBXBuildFile; fileRef = 6344B45F7EE9BE4A7A180AC5 /* WatchLockView.swift */; };
		F9E7F7633747489707FB1683 /* NotificationManager.swift in Sources */ = {isa = PBXBuildFile; fileRef = A60F6A646D2896063281C066 /* NotificationManager.swift */; };
		F9EE8CF5F19C56117F7A028E /* MessagePoller.swift in Sources */ = {isa = PBXBuildFile; fileRef = 5F16794E6BDCCDEAB5498E86 /* MessagePoller.swift */; };
		FBDAA00FE3A92387E446F912 /* UtilityView.swift in Sources */ = {isa = PBXBuildFile; fileRef = 608AB2A9F5F18D562E496375 /* UtilityView.swift */; };
		FF2A01E15566B2171305F221 /* KachaIntents.swift in Sources */ = {isa = PBXBuildFile; fileRef = 70788C2DF6DE9CD669840FBE /* KachaIntents.swift */; };
/* End PBXBuildFile section */

/* Begin PBXContainerItemProxy section */
		CE4AC2C2AC96756068A4E6C8 /* PBXContainerItemProxy */ = {
			isa = PBXContainerItemProxy;
			containerPortal = 0B5542499049F3EF46AF0716 /* Project object */;
			proxyType = 1;
			remoteGlobalIDString = 59FDAC4872D7FB61A660A3D2;
			remoteInfo = Kacha;
		};
		FCD6016F9C33A3842F6A6966 /* PBXContainerItemProxy */ = {
			isa = PBXContainerItemProxy;
			containerPortal = 0B5542499049F3EF46AF0716 /* Project object */;
			proxyType = 1;
			remoteGlobalIDString = 59FDAC4872D7FB61A660A3D2;
			remoteInfo = Kacha;
		};
		FD2B3ABC33BA0CBD925DA855 /* PBXContainerItemProxy */ = {
			isa = PBXContainerItemProxy;
			containerPortal = 0B5542499049F3EF46AF0716 /* Project object */;
			proxyType = 1;
			remoteGlobalIDString = 59FDAC4872D7FB61A660A3D2;
			remoteInfo = Kacha;
		};
/* End PBXContainerItemProxy section */

/* Begin PBXFileReference section */
		0068BF8C4B0125A9301E4AC2 /* Booking.swift */ = {isa = PBXFileReference; lastKnownFileType = sourcecode.swift; path = Booking.swift; sourceTree = "<group>"; };
		029B899D4EF902AED4FEADCE /* KachaWidget.appex */ = {isa = PBXFileReference; includeInIndex = 0; lastKnownFileType = "wrapper.app-extension"; path = KachaWidget.appex; sourceTree = BUILT_PRODUCTS_DIR; };
		02BAAC5A7F6865955238BB8D /* SecureItem.swift */ = {isa = PBXFileReference; lastKnownFileType = sourcecode.swift; path = SecureItem.swift; sourceTree = "<group>"; };
		02E082516436AAAF4B5702AF /* KachaClipApp.swift */ = {isa = PBXFileReference; lastKnownFileType = sourcecode.swift; path = KachaClipApp.swift; sourceTree = "<group>"; };
		05A0EDD94BEFEE28BAC81C62 /* ShareRecord.swift */ = {isa = PBXFileReference; lastKnownFileType = sourcecode.swift; path = ShareRecord.swift; sourceTree = "<group>"; };
		065FC965E0BAA44E8C904B81 /* DeviceAlertView.swift */ = {isa = PBXFileReference; lastKnownFileType = sourcecode.swift; path = DeviceAlertView.swift; sourceTree = "<group>"; };
		0668A0574B44F66A312B807A /* SesameClient.swift */ = {isa = PBXFileReference; lastKnownFileType = sourcecode.swift; path = SesameClient.swift; sourceTree = "<group>"; };
		06827396B74878C3BB4D53AF /* HomeShareView.swift */ = {isa = PBXFileReference; lastKnownFileType = sourcecode.swift; path = HomeShareView.swift; sourceTree = "<group>"; };
		08025785F422D2919C6DA942 /* ShareCalendarView.swift */ = {isa = PBXFileReference; lastKnownFileType = sourcecode.swift; path = ShareCalendarView.swift; sourceTree = "<group>"; };
		0A39BB08C1DE304C861E6DDF /* Theme.swift */ = {isa = PBXFileReference; lastKnownFileType = sourcecode.swift; path = Theme.swift; sourceTree = "<group>"; };
		0BA1C91363D3BF72FFCAFC21 /* VaultEncryptionTests.swift */ = {isa = PBXFileReference; lastKnownFileType = sourcecode.swift; path = VaultEncryptionTests.swift; sourceTree = "<group>"; };
		0CE8733CB6FF67F0F2F96953 /* GeofenceManager.swift */ = {isa = PBXFileReference; lastKnownFileType = sourcecode.swift; path = GeofenceManager.swift; sourceTree = "<group>"; };
		129CE2203CE0D35C7D0EFE7C /* Info.plist */ = {isa = PBXFileReference; lastKnownFileType = text.plist; path = Info.plist; sourceTree = "<group>"; };
		132DA316B0CD860F60709030 /* CalendarView.swift */ = {isa = PBXFileReference; lastKnownFileType = sourcecode.swift; path = CalendarView.swift; sourceTree = "<group>"; };
		15869D02239D08163D37B93A /* CleaningNotificationService.swift */ = {isa = PBXFileReference; lastKnownFileType = sourcecode.swift; path = CleaningNotificationService.swift; sourceTree = "<group>"; };
		160015E2DF380320E342D98A /* HomePagerView.swift */ = {isa = PBXFileReference; lastKnownFileType = sourcecode.swift; path = HomePagerView.swift; sourceTree = "<group>"; };
		162F214A0422A7194AA90B4B /* DeviceMonitorService.swift */ = {isa = PBXFileReference; lastKnownFileType = sourcecode.swift; path = DeviceMonitorService.swift; sourceTree = "<group>"; };
		165A3D56ACF9557F7D227942 /* iPadContentView.swift */ = {isa = PBXFileReference; lastKnownFileType = sourcecode.swift; path = iPadContentView.swift; sourceTree = "<group>"; };
		178648ECA30DFCA16AB4A9D2 /* LINEMessagingClient.swift */ = {isa = PBXFileReference; lastKnownFileType = sourcecode.swift; path = LINEMessagingClient.swift; sourceTree = "<group>"; };
		1897B19C46BB122C9FA45239 /* AutomationEngineTests.swift */ = {isa = PBXFileReference; lastKnownFileType = sourcecode.swift; path = AutomationEngineTests.swift; sourceTree = "<group>"; };
		19433A38FF73F82506EBAB25 /* AnalyticsDashboardView.swift */ = {isa = PBXFileReference; lastKnownFileType = sourcecode.swift; path = AnalyticsDashboardView.swift; sourceTree = "<group>"; };
		19E6CFAF993BA526C295EAF9 /* AutomationEngine.swift */ = {isa = PBXFileReference; lastKnownFileType = sourcecode.swift; path = AutomationEngine.swift; sourceTree = "<group>"; };
		1BDC3B7711D9E5B0F9F6DE48 /* ComplicationProvider.swift */ = {isa = PBXFileReference; lastKnownFileType = sourcecode.swift; path = ComplicationProvider.swift; sourceTree = "<group>"; };
		1BF72FD87FDE3B8024079E91 /* ChecklistItem.swift */ = {isa = PBXFileReference; lastKnownFileType = sourcecode.swift; path = ChecklistItem.swift; sourceTree = "<group>"; };
		1C8F685D38047FF791825571 /* PermitGuideView.swift */ = {isa = PBXFileReference; lastKnownFileType = sourcecode.swift; path = PermitGuideView.swift; sourceTree = "<group>"; };
		1EDC12EF7619F952CDC5C097 /* Beds24Tests.swift */ = {isa = PBXFileReference; lastKnownFileType = sourcecode.swift; path = Beds24Tests.swift; sourceTree = "<group>"; };
		1FB18BD8350978C3E3FA4513 /* VaultView.swift */ = {isa = PBXFileReference; lastKnownFileType = sourcecode.swift; path = VaultView.swift; sourceTree = "<group>"; };
		20BA3ADD4BA409C65FE246ED /* PropertyMapView.swift */ = {isa = PBXFileReference; lastKnownFileType = sourcecode.swift; path = PropertyMapView.swift; sourceTree = "<group>"; };
		22D149B8E7EBA2F2B2565578 /* KAGISetupView.swift */ = {isa = PBXFileReference; lastKnownFileType = sourcecode.swift; path = KAGISetupView.swift; sourceTree = "<group>"; };
		265B70DD183D503B1886CC1B /* KAGIDevice.swift */ = {isa = PBXFileReference; lastKnownFileType = sourcecode.swift; path = KAGIDevice.swift; sourceTree = "<group>"; };
		29E6C3F6C13060C797DE77BE /* SecurityInfoView.swift */ = {isa = PBXFileReference; lastKnownFileType = sourcecode.swift; path = SecurityInfoView.swift; sourceTree = "<group>"; };
		2A9083365BC5B6DF55C0F6AF /* CleaningReport.swift */ = {isa = PBXFileReference; lastKnownFileType = sourcecode.swift; path = CleaningReport.swift; sourceTree = "<group>"; };
		2B3CFD5F01A6CFAE87F573EF /* CloudSyncServiceTests.swift */ = {isa = PBXFileReference; lastKnownFileType = sourcecode.swift; path = CloudSyncServiceTests.swift; sourceTree = "<group>"; };
		2ECB4FB7EEB68F2FF93B870B /* KachaUITests.swift */ = {isa = PBXFileReference; lastKnownFileType = sourcecode.swift; path = KachaUITests.swift; sourceTree = "<group>"; };
		304DDF665C43330765C902FA /* PropertyListView.swift */ = {isa = PBXFileReference; lastKnownFileType = sourcecode.swift; path = PropertyListView.swift; sourceTree = "<group>"; };
		32158B774C086E21BC995178 /* ReplySuggestionService.swift */ = {isa = PBXFileReference; lastKnownFileType = sourcecode.swift; path = ReplySuggestionService.swift; sourceTree = "<group>"; };
		355C423920E61CBDAEF55751 /* Assets.xcassets */ = {isa = PBXFileReference; lastKnownFileType = folder.assetcatalog; path = Assets.xcassets; sourceTree = "<group>"; };
		36528C3D52714B042FBD63B8 /* HouseManual.swift */ = {isa = PBXFileReference; lastKnownFileType = sourcecode.swift; path = HouseManual.swift; sourceTree = "<group>"; };
		36FD86D0592B03028A03873B /* SubscriptionView.swift */ = {isa = PBXFileReference; lastKnownFileType = sourcecode.swift; path = SubscriptionView.swift; sourceTree = "<group>"; };
		377E94109DEDCA4F49937DB7 /* ShareTests.swift */ = {isa = PBXFileReference; lastKnownFileType = sourcecode.swift; path = ShareTests.swift; sourceTree = "<group>"; };
		37F90FBB9CB6FAFBB0309F35 /* AutomationView.swift */ = {isa = PBXFileReference; lastKnownFileType = sourcecode.swift; path = AutomationView.swift; sourceTree = "<group>"; };
		3B153E5A745042682B9C5E5E /* SoundPlayer.swift */ = {isa = PBXFileReference; lastKnownFileType = sourcecode.swift; path = SoundPlayer.swift; sourceTree = "<group>"; };
		3B807D87BC74FD287A183C3F /* WatchConnectivityManager.swift */ = {isa = PBXFileReference; lastKnownFileType = sourcecode.swift; path = WatchConnectivityManager.swift; sourceTree = "<group>"; };
		3BDCA8C9C6D061BAB8F01581 /* ShareClient.swift */ = {isa = PBXFileReference; lastKnownFileType = sourcecode.swift; path = ShareClient.swift; sourceTree = "<group>"; };
		3EC6ABBDF8CC69A388C09BE4 /* VoiceCommandManager.swift */ = {isa = PBXFileReference; lastKnownFileType = sourcecode.swift; path = VoiceCommandManager.swift; sourceTree = "<group>"; };
		3EDACC063DCAF9701B9DE073 /* DeviceMonitorTests.swift */ = {isa = PBXFileReference; lastKnownFileType = sourcecode.swift; path = DeviceMonitorTests.swift; sourceTree = "<group>"; };
		41A8CB296C488D526417E66E /* IntentHomeSync.swift */ = {isa = PBXFileReference; lastKnownFileType = sourcecode.swift; path = IntentHomeSync.swift; sourceTree = "<group>"; };
		460C94A117D702F623FE9348 /* TemairaClient.swift */ = {isa = PBXFileReference; lastKnownFileType = sourcecode.swift; path = TemairaClient.swift; sourceTree = "<group>"; };
		4769D86BDFA6A76D75263DE7 /* AddBookingView.swift */ = {isa = PBXFileReference; lastKnownFileType = sourcecode.swift; path = AddBookingView.swift; sourceTree = "<group>"; };
		4A441A03544C574CF65CCE8C /* CleaningManagementView.swift */ = {isa = PBXFileReference; lastKnownFileType = sourcecode.swift; path = CleaningManagementView.swift; sourceTree = "<group>"; };
		4E705CE4E957781482F69C94 /* KachaTests.xctest */ = {isa = PBXFileReference; includeInIndex = 0; lastKnownFileType = wrapper.cfbundle; path = KachaTests.xctest; sourceTree = BUILT_PRODUCTS_DIR; };
		4F3B1C9D98AC15A4C6B5F359 /* ActivityLog.swift */ = {isa = PBXFileReference; lastKnownFileType = sourcecode.swift; path = ActivityLog.swift; sourceTree = "<group>"; };
		54E33957752AEBFE450C0596 /* Assets.xcassets */ = {isa = PBXFileReference; lastKnownFileType = folder.assetcatalog; path = Assets.xcassets; sourceTree = "<group>"; };
		568EC91134F0A2F61C08DBD7 /* KachaUITests.xctest */ = {isa = PBXFileReference; includeInIndex = 0; lastKnownFileType = wrapper.cfbundle; path = KachaUITests.xctest; sourceTree = BUILT_PRODUCTS_DIR; };
		589873A5111678458952DDD4 /* GuestMessageView.swift */ = {isa = PBXFileReference; lastKnownFileType = sourcecode.swift; path = GuestMessageView.swift; sourceTree = "<group>"; };
		5A3025F580CDCB2BAB1C92CD /* BookingPoller.swift */ = {isa = PBXFileReference; lastKnownFileType = sourcecode.swift; path = BookingPoller.swift; sourceTree = "<group>"; };
		5BABA191063F2FAE1144B2B7 /* DeviceAlert.swift */ = {isa = PBXFileReference; lastKnownFileType = sourcecode.swift; path = DeviceAlert.swift; sourceTree = "<group>"; };
		5BF4A6DF7F4D8B8F2F3F769A /* KAGIBLEManager.swift */ = {isa = PBXFileReference; lastKnownFileType = sourcecode.swift; path = KAGIBLEManager.swift; sourceTree = "<group>"; };
		5F16794E6BDCCDEAB5498E86 /* MessagePoller.swift */ = {isa = PBXFileReference; lastKnownFileType = sourcecode.swift; path = MessagePoller.swift; sourceTree = "<group>"; };
		5F3C68D52D9631D27CDF2043 /* GuestGuideView.swift */ = {isa = PBXFileReference; lastKnownFileType = sourcecode.swift; path = GuestGuideView.swift; sourceTree = "<group>"; };
		5FB5B67FA3D999266F720360 /* KachaWatchApp.swift */ = {isa = PBXFileReference; lastKnownFileType = sourcecode.swift; path = KachaWatchApp.swift; sourceTree = "<group>"; };
		6061AA6FF5AB39DC44768266 /* KachaWatch.app */ = {isa = PBXFileReference; explicitFileType = wrapper.application; includeInIndex = 0; path = KachaWatch.app; sourceTree = BUILT_PRODUCTS_DIR; };
		608AB2A9F5F18D562E496375 /* UtilityView.swift */ = {isa = PBXFileReference; lastKnownFileType = sourcecode.swift; path = UtilityView.swift; sourceTree = "<group>"; };
		61EA27E96F21CEBBEF584299 /* KAGIService.swift */ = {isa = PBXFileReference; lastKnownFileType = sourcecode.swift; path = KAGIService.swift; sourceTree = "<group>"; };
		6225C6F3C04A1B644AB513BD /* PricingSuggestionService.swift */ = {isa = PBXFileReference; lastKnownFileType = sourcecode.swift; path = PricingSuggestionService.swift; sourceTree = "<group>"; };
		6344B45F7EE9BE4A7A180AC5 /* WatchLockView.swift */ = {isa = PBXFileReference; lastKnownFileType = sourcecode.swift; path = WatchLockView.swift; sourceTree = "<group>"; };
		6480544F5EE3A4BB9E3659A7 /* HueClient.swift */ = {isa = PBXFileReference; lastKnownFileType = sourcecode.swift; path = HueClient.swift; sourceTree = "<group>"; };
		65411F6821DCAD885D29DB7D /* DeviceLogSyncer.swift */ = {isa = PBXFileReference; lastKnownFileType = sourcecode.swift; path = DeviceLogSyncer.swift; sourceTree = "<group>"; };
		6651802531863B94FDCF097B /* RevenueReportView.swift */ = {isa = PBXFileReference; lastKnownFileType = sourcecode.swift; path = RevenueReportView.swift; sourceTree = "<group>"; };
		695A807A522892868B701E7C /* KachaClip.entitlements */ = {isa = PBXFileReference; lastKnownFileType = text.plist.entitlements; path = KachaClip.entitlements; sourceTree = "<group>"; };
		6A259AED848AB4C8EA9E334F /* BookingDetailView.swift */ = {isa = PBXFileReference; lastKnownFileType = sourcecode.swift; path = BookingDetailView.swift; sourceTree = "<group>"; };
		6B4333C80AC4DC0E2D0D634B /* ChatWebVaultSync.swift */ = {isa = PBXFileReference; lastKnownFileType = sourcecode.swift; path = ChatWebVaultSync.swift; sourceTree = "<group>"; };
		706676D2C24D95967B5009DC /* UtilityRecord.swift */ = {isa = PBXFileReference; lastKnownFileType = sourcecode.swift; path = UtilityRecord.swift; sourceTree = "<group>"; };
		70788C2DF6DE9CD669840FBE /* KachaIntents.swift */ = {isa = PBXFileReference; lastKnownFileType = sourcecode.swift; path = KachaIntents.swift; sourceTree = "<group>"; };
		71A30F5AEBA76259343DCB7B /* ICalImporter.swift */ = {isa = PBXFileReference; lastKnownFileType = sourcecode.swift; path = ICalImporter.swift; sourceTree = "<group>"; };
		72B2725C30BF13F4FCF46F46 /* LockToggleIntent.swift */ = {isa = PBXFileReference; lastKnownFileType = sourcecode.swift; path = LockToggleIntent.swift; sourceTree = "<group>"; };
		75A7738C9B133BAD5F2D5277 /* NatureRemoClient.swift */ = {isa = PBXFileReference; lastKnownFileType = sourcecode.swift; path = NatureRemoClient.swift; sourceTree = "<group>"; };
		75EEF33DCF83EDD8EA80E9D5 /* TeamView.swift */ = {isa = PBXFileReference; lastKnownFileType = sourcecode.swift; path = TeamView.swift; sourceTree = "<group>"; };
		76A77D3FDB552C140E3149E5 /* CrashLogger.swift */ = {isa = PBXFileReference; lastKnownFileType = sourcecode.swift; path = CrashLogger.swift; sourceTree = "<group>"; };
		7AE71E0CB6DD12F3351EC5E2 /* ReportExportService.swift */ = {isa = PBXFileReference; lastKnownFileType = sourcecode.swift; path = ReportExportService.swift; sourceTree = "<group>"; };
		7B006D885C4207A8CBBDDAEE /* HouseManualView.swift */ = {isa = PBXFileReference; lastKnownFileType = sourcecode.swift; path = HouseManualView.swift; sourceTree = "<group>"; };
		7B68D61A0DC9E506F2C153D8 /* AutomationRule.swift */ = {isa = PBXFileReference; lastKnownFileType = sourcecode.swift; path = AutomationRule.swift; sourceTree = "<group>"; };
		7BE953FA1594D81A67EE803E /* ContentView.swift */ = {isa = PBXFileReference; lastKnownFileType = sourcecode.swift; path = ContentView.swift; sourceTree = "<group>"; };
		7DBCFCDF59A790E77A47EBEA /* SettingsView.swift */ = {isa = PBXFileReference; lastKnownFileType = sourcecode.swift; path = SettingsView.swift; sourceTree = "<group>"; };
		83BBB15FB7353B00736BFFB4 /* Expense.swift */ = {isa = PBXFileReference; lastKnownFileType = sourcecode.swift; path = Expense.swift; sourceTree = "<group>"; };
		86E0228765EAE5D3ED3CC100 /* WatchConnectivityManager.swift */ = {isa = PBXFileReference; lastKnownFileType = sourcecode.swift; path = WatchConnectivityManager.swift; sourceTree = "<group>"; };
		871FE5A982756AE75248115C /* GeminiReplyService.swift */ = {isa = PBXFileReference; lastKnownFileType = sourcecode.swift; path = GeminiReplyService.swift; sourceTree = "<group>"; };
		87C38490B5E9B7D171FDB3D8 /* Home.swift */ = {isa = PBXFileReference; lastKnownFileType = sourcecode.swift; path = Home.swift; sourceTree = "<group>"; };
		8A1B480CDB5D65DBFBB8A000 /* VaultImportView.swift */ = {isa = PBXFileReference; lastKnownFileType = sourcecode.swift; path = VaultImportView.swift; sourceTree = "<group>"; };
		8A514031FEF470BC9E5CE411 /* HomeView.swift */ = {isa = PBXFileReference; lastKnownFileType = sourcecode.swift; path = HomeView.swift; sourceTree = "<group>"; };
		8CA567B91BA70BD236424051 /* GuestClipView.swift */ = {isa = PBXFileReference; lastKnownFileType = sourcecode.swift; path = GuestClipView.swift; sourceTree = "<group>"; };
		8D434ABEDE8CBCF81DAB40B4 /* SwitchBotClient.swift */ = {isa = PBXFileReference; lastKnownFileType = sourcecode.swift; path = SwitchBotClient.swift; sourceTree = "<group>"; };
		8FC865AA02FDC96978238EDC /* AddDeviceView.swift */ = {isa = PBXFileReference; lastKnownFileType = sourcecode.swift; path = AddDeviceView.swift; sourceTree = "<group>"; };
		903844E100FADD9AE75B29D3 /* CalendarAvailabilityView.swift */ = {isa = PBXFileReference; lastKnownFileType = sourcecode.swift; path = CalendarAvailabilityView.swift; sourceTree = "<group>"; };
		9183E03019349FA880E6457D /* CelebrationEffect.swift */ = {isa = PBXFileReference; lastKnownFileType = sourcecode.swift; path = CelebrationEffect.swift; sourceTree = "<group>"; };
		95E6DBDF41B9F8D5538AC3C5 /* KachaWidget.entitlements */ = {isa = PBXFileReference; lastKnownFileType = text.plist.entitlements; path = KachaWidget.entitlements; sourceTree = "<group>"; };
		9600E8BF370AEE0A44AC7807 /* BookingTests.swift */ = {isa = PBXFileReference; lastKnownFileType = sourcecode.swift; path = BookingTests.swift; sourceTree = "<group>"; };
		9A35820CB7F24AA30DE13515 /* KachaWidget.swift */ = {isa = PBXFileReference; lastKnownFileType = sourcecode.swift; path = KachaWidget.swift; sourceTree = "<group>"; };
		9BE1A34B9BFCF31174A58EAA /* SafetyDashboardView.swift */ = {isa = PBXFileReference; lastKnownFileType = sourcecode.swift; path = SafetyDashboardView.swift; sourceTree = "<group>"; };
		9D70E215F9DE7390843E2DF7 /* CustomWebhookClient.swift */ = {isa = PBXFileReference; lastKnownFileType = sourcecode.swift; path = CustomWebhookClient.swift; sourceTree = "<group>"; };
		9E6A553743187CBEAF1279EC /* CloudSyncView.swift */ = {isa = PBXFileReference; lastKnownFileType = sourcecode.swift; path = CloudSyncView.swift; sourceTree = "<group>"; };
		9E851084952E3CAFC34523A4 /* GuestCardView.swift */ = {isa = PBXFileReference; lastKnownFileType = sourcecode.swift; path = GuestCardView.swift; sourceTree = "<group>"; };
		A0A0CB51626228DF521362F6 /* SentMessage.swift */ = {isa = PBXFileReference; lastKnownFileType = sourcecode.swift; path = SentMessage.swift; sourceTree = "<group>"; };
		A18158BEA6FB3B3E4284F9FB /* ChannelSettingsView.swift */ = {isa = PBXFileReference; lastKnownFileType = sourcecode.swift; path = ChannelSettingsView.swift; sourceTree = "<group>"; };
		A60F6A646D2896063281C066 /* NotificationManager.swift */ = {isa = PBXFileReference; lastKnownFileType = sourcecode.swift; path = NotificationManager.swift; sourceTree = "<group>"; };
		A75E1ADB6E28C8039D87050B /* KachaLockAttributes.swift */ = {isa = PBXFileReference; lastKnownFileType = sourcecode.swift; path = KachaLockAttributes.swift; sourceTree = "<group>"; };
		ACEEF959ED61C79789BCE531 /* MaintenanceView.swift */ = {isa = PBXFileReference; lastKnownFileType = sourcecode.swift; path = MaintenanceView.swift; sourceTree = "<group>"; };
		AD91F890DC8CA41367F16F7D /* WidgetDataSync.swift */ = {isa = PBXFileReference; lastKnownFileType = sourcecode.swift; path = WidgetDataSync.swift; sourceTree = "<group>"; };
		B055EFE5AB8D4365917B5C4E /* ModelTests.swift */ = {isa = PBXFileReference; lastKnownFileType = sourcecode.swift; path = ModelTests.swift; sourceTree = "<group>"; };
		B10DE186DF18EB44D13627BC /* PricingRule.swift */ = {isa = PBXFileReference; lastKnownFileType = sourcecode.swift; path = PricingRule.swift; sourceTree = "<group>"; };
		B8F318F2DB4D19735087A3FE /* WidgetViews.swift */ = {isa = PBXFileReference; lastKnownFileType = sourcecode.swift; path = WidgetViews.swift; sourceTree = "<group>"; };
		BAB5D0A3ED2626B0E4731E02 /* PMSProvider.swift */ = {isa = PBXFileReference; lastKnownFileType = sourcecode.swift; path = PMSProvider.swift; sourceTree = "<group>"; };
		BB83BE6B37284891003E58D5 /* RevenueDashboardView.swift */ = {isa = PBXFileReference; lastKnownFileType = sourcecode.swift; path = RevenueDashboardView.swift; sourceTree = "<group>"; };
		BD16967AE38FC49E46E0DD01 /* SmartDevice.swift */ = {isa = PBXFileReference; lastKnownFileType = sourcecode.swift; path = SmartDevice.swift; sourceTree = "<group>"; };
		BF7E95FFA9BE8918FBF4158D /* WatchHomeView.swift */ = {isa = PBXFileReference; lastKnownFileType = sourcecode.swift; path = WatchHomeView.swift; sourceTree = "<group>"; };
		BF9FF991C3224B0466A07F19 /* KachaWidgetProvider.swift */ = {isa = PBXFileReference; lastKnownFileType = sourcecode.swift; path = KachaWidgetProvider.swift; sourceTree = "<group>"; };
		C190FF87DB232B39D1DEF742 /* MaintenanceTask.swift */ = {isa = PBXFileReference; lastKnownFileType = sourcecode.swift; path = MaintenanceTask.swift; sourceTree = "<group>"; };
		C2D622EF4A381F9287566742 /* VaultPageView.swift */ = {isa = PBXFileReference; lastKnownFileType = sourcecode.swift; path = VaultPageView.swift; sourceTree = "<group>"; };
		C5A2D76B51A3FD6A1DBFAAE6 /* HomeControlView.swift */ = {isa = PBXFileReference; lastKnownFileType = sourcecode.swift; path = HomeControlView.swift; sourceTree = "<group>"; };
		C5E7645B6944042DF9A58259 /* ChatWebSyncSheet.swift */ = {isa = PBXFileReference; lastKnownFileType = sourcecode.swift; path = ChatWebSyncSheet.swift; sourceTree = "<group>"; };
		C962587672D02119CE474B4E /* Info.plist */ = {isa = PBXFileReference; lastKnownFileType = text.plist; path = Info.plist; sourceTree = "<group>"; };
		CB04048E4EB01CEF369353F2 /* GuestMessenger.swift */ = {isa = PBXFileReference; lastKnownFileType = sourcecode.swift; path = GuestMessenger.swift; sourceTree = "<group>"; };
		CC107A395925B94DC3E39D02 /* SidebarView.swift */ = {isa = PBXFileReference; lastKnownFileType = sourcecode.swift; path = SidebarView.swift; sourceTree = "<group>"; };
		CE9F5904D70A3FCDEB23D20C /* ActivityLogView.swift */ = {isa = PBXFileReference; lastKnownFileType = sourcecode.swift; path = ActivityLogView.swift; sourceTree = "<group>"; };
		D09A76D1BDF1EA7B4A016620 /* SeedData.swift */ = {isa = PBXFileReference; lastKnownFileType = sourcecode.swift; path = SeedData.swift; sourceTree = "<group>"; };
		D0A954BB6EC3F306C8E2780D /* GuestChatView.swift */ = {isa = PBXFileReference; lastKnownFileType = sourcecode.swift; path = GuestChatView.swift; sourceTree = "<group>"; };
		D3A50B7FC5452D71572FBCDC /* GuestLocalization.swift */ = {isa = PBXFileReference; lastKnownFileType = sourcecode.swift; path = GuestLocalization.swift; sourceTree = "<group>"; };
		D77AD7D7C7CB083362A631FC /* VaultTabWrapper.swift */ = {isa = PBXFileReference; lastKnownFileType = sourcecode.swift; path = VaultTabWrapper.swift; sourceTree = "<group>"; };
		DAAD169465EE5DBFAE05B1B4 /* CleaningReportView.swift */ = {isa = PBXFileReference; lastKnownFileType = sourcecode.swift; path = CleaningReportView.swift; sourceTree = "<group>"; };
		DCC08ABE8F6B17BFB01A0CAE /* Beds24Client.swift */ = {isa = PBXFileReference; lastKnownFileType = sourcecode.swift; path = Beds24Client.swift; sourceTree = "<group>"; };
		DE3144195A13E2CBED2C4610 /* PricingSuggestionTests.swift */ = {isa = PBXFileReference; lastKnownFileType = sourcecode.swift; path = PricingSuggestionTests.swift; sourceTree = "<group>"; };
		DEFDB187FC95534AEC056E23 /* DeviceView.swift */ = {isa = PBXFileReference; lastKnownFileType = sourcecode.swift; path = DeviceView.swift; sourceTree = "<group>"; };
		DF3D889890C8396509BAFE8C /* VoiceControlView.swift */ = {isa = PBXFileReference; lastKnownFileType = sourcecode.swift; path = VoiceControlView.swift; sourceTree = "<group>"; };
		DF7A5CFBA7C2F8466F90501D /* VaultEncryption.swift */ = {isa = PBXFileReference; lastKnownFileType = sourcecode.swift; path = VaultEncryption.swift; sourceTree = "<group>"; };
		DF8F1B08B635B44524D8BFB2 /* RevenueHeatmapView.swift */ = {isa = PBXFileReference; lastKnownFileType = sourcecode.swift; path = RevenueHeatmapView.swift; sourceTree = "<group>"; };
		DFF9F29AA36D5EA8C3C0255F /* ChecklistView.swift */ = {isa = PBXFileReference; lastKnownFileType = sourcecode.swift; path = ChecklistView.swift; sourceTree = "<group>"; };
		E3AD228A71AB62B2F5DB3AC3 /* AutoPricingView.swift */ = {isa = PBXFileReference; lastKnownFileType = sourcecode.swift; path = AutoPricingView.swift; sourceTree = "<group>"; };
		E3E374DA92146CE62CFBFE0B /* CloudSyncService.swift */ = {isa = PBXFileReference; lastKnownFileType = sourcecode.swift; path = CloudSyncService.swift; sourceTree = "<group>"; };
		E6F9D70D846BC44CF5A602BC /* NukiClient.swift */ = {isa = PBXFileReference; lastKnownFileType = sourcecode.swift; path = NukiClient.swift; sourceTree = "<group>"; };
		E7C1EDB4B6D61877A531A963 /* KachaClip.app */ = {isa = PBXFileReference; includeInIndex = 0; lastKnownFileType = wrapper.application; path = KachaClip.app; sourceTree = BUILT_PRODUCTS_DIR; };
		E89BF7B6C864754A7FCE9375 /* KachaApp.swift */ = {isa = PBXFileReference; lastKnownFileType = sourcecode.swift; path = KachaApp.swift; sourceTree = "<group>"; };
		E9F988902B241B24F23EEE0E /* DeviceIntegration.swift */ = {isa = PBXFileReference; lastKnownFileType = sourcecode.swift; path = DeviceIntegration.swift; sourceTree = "<group>"; };
		EB1CF7DF0A6A431F72B3F4EB /* SubscriptionManager.swift */ = {isa = PBXFileReference; lastKnownFileType = sourcecode.swift; path = SubscriptionManager.swift; sourceTree = "<group>"; };
		EB22A3A833DF06FE5837B314 /* PricingSuggestionView.swift */ = {isa = PBXFileReference; lastKnownFileType = sourcecode.swift; path = PricingSuggestionView.swift; sourceTree = "<group>"; };
		EB4FA583B92F4007538C62DB /* KeychainBackup.swift */ = {isa = PBXFileReference; lastKnownFileType = sourcecode.swift; path = KeychainBackup.swift; sourceTree = "<group>"; };
		EC68846A859A907B966E596F /* GuestPageClient.swift */ = {isa = PBXFileReference; lastKnownFileType = sourcecode.swift; path = GuestPageClient.swift; sourceTree = "<group>"; };
		EF186F371A65C2693FAE07DB /* Kacha.app */ = {isa = PBXFileReference; includeInIndex = 0; lastKnownFileType = wrapper.application; path = Kacha.app; sourceTree = BUILT_PRODUCTS_DIR; };
		EFDE5DB46451C658BE8EDE3A /* BackgroundRefresh.swift */ = {isa = PBXFileReference; lastKnownFileType = sourcecode.swift; path = BackgroundRefresh.swift; sourceTree = "<group>"; };
		F10694603FB4C88B8D7CC7A3 /* GuestPageTests.swift */ = {isa = PBXFileReference; lastKnownFileType = sourcecode.swift; path = GuestPageTests.swift; sourceTree = "<group>"; };
		F257BE471448A400CA948FD0 /* ExpenseIntegrationView.swift */ = {isa = PBXFileReference; lastKnownFileType = sourcecode.swift; path = ExpenseIntegrationView.swift; sourceTree = "<group>"; };
		F35182EADA29CA205A4B0F54 /* LiveActivityManager.swift */ = {isa = PBXFileReference; lastKnownFileType = sourcecode.swift; path = LiveActivityManager.swift; sourceTree = "<group>"; };
		F42E0B7D1773EDB94A1C55CD /* BookingView.swift */ = {isa = PBXFileReference; lastKnownFileType = sourcecode.swift; path = BookingView.swift; sourceTree = "<group>"; };
		FA796739C47F10BF06AC0100 /* OnboardingView.swift */ = {isa = PBXFileReference; lastKnownFileType = sourcecode.swift; path = OnboardingView.swift; sourceTree = "<group>"; };
		FB100CD2B757485CF67CDB2C /* IntentExecutor.swift */ = {isa = PBXFileReference; lastKnownFileType = sourcecode.swift; path = IntentExecutor.swift; sourceTree = "<group>"; };
		FB8970A04FC2B1FBD966E965 /* AirhostClient.swift */ = {isa = PBXFileReference; lastKnownFileType = sourcecode.swift; path = AirhostClient.swift; sourceTree = "<group>"; };
		FBF95A801D4C24BC16633076 /* ReviewsView.swift */ = {isa = PBXFileReference; lastKnownFileType = sourcecode.swift; path = ReviewsView.swift; sourceTree = "<group>"; };
/* End PBXFileReference section */

/* Begin PBXGroup section */
		1628794344B6EDBCDC7AD69B /* Utilities */ = {
			isa = PBXGroup;
			children = (
				D3A50B7FC5452D71572FBCDC /* GuestLocalization.swift */,
				AD91F890DC8CA41367F16F7D /* WidgetDataSync.swift */,
			);
			path = Utilities;
			sourceTree = "<group>";
		};
		49EC5EF30442FA5C8BC442AC /* Resources */ = {
			isa = PBXGroup;
			children = (
				355C423920E61CBDAEF55751 /* Assets.xcassets */,
			);
			name = Resources;
			path = Kacha/Resources;
			sourceTree = "<group>";
		};
		4E3613F1A039FCA00D250B0B /* KachaClip */ = {
			isa = PBXGroup;
			children = (
				8CA567B91BA70BD236424051 /* GuestClipView.swift */,
				C962587672D02119CE474B4E /* Info.plist */,
				695A807A522892868B701E7C /* KachaClip.entitlements */,
				02E082516436AAAF4B5702AF /* KachaClipApp.swift */,
			);
			path = KachaClip;
			sourceTree = "<group>";
		};
		5CE0D5DD2354825BF498A55A /* KachaTests */ = {
			isa = PBXGroup;
			children = (
				1897B19C46BB122C9FA45239 /* AutomationEngineTests.swift */,
				1EDC12EF7619F952CDC5C097 /* Beds24Tests.swift */,
				9600E8BF370AEE0A44AC7807 /* BookingTests.swift */,
				2B3CFD5F01A6CFAE87F573EF /* CloudSyncServiceTests.swift */,
				3EDACC063DCAF9701B9DE073 /* DeviceMonitorTests.swift */,
				F10694603FB4C88B8D7CC7A3 /* GuestPageTests.swift */,
				B055EFE5AB8D4365917B5C4E /* ModelTests.swift */,
				DE3144195A13E2CBED2C4610 /* PricingSuggestionTests.swift */,
				377E94109DEDCA4F49937DB7 /* ShareTests.swift */,
				0BA1C91363D3BF72FFCAFC21 /* VaultEncryptionTests.swift */,
			);
			path = KachaTests;
			sourceTree = "<group>";
		};
		6C3A68C7D8BB0698CF83B363 /* KachaWidget */ = {
			isa = PBXGroup;
			children = (
				129CE2203CE0D35C7D0EFE7C /* Info.plist */,
				95E6DBDF41B9F8D5538AC3C5 /* KachaWidget.entitlements */,
				E581FC7BF0FBE03C997C2247 /* Sources */,
			);
			path = KachaWidget;
			sourceTree = "<group>";
		};
		7794EB87A920DB31714B9B44 /* Services */ = {
			isa = PBXGroup;
			children = (
				FB8970A04FC2B1FBD966E965 /* AirhostClient.swift */,
				19E6CFAF993BA526C295EAF9 /* AutomationEngine.swift */,
				EFDE5DB46451C658BE8EDE3A /* BackgroundRefresh.swift */,
				DCC08ABE8F6B17BFB01A0CAE /* Beds24Client.swift */,
				5A3025F580CDCB2BAB1C92CD /* BookingPoller.swift */,
				6B4333C80AC4DC0E2D0D634B /* ChatWebVaultSync.swift */,
				15869D02239D08163D37B93A /* CleaningNotificationService.swift */,
				E3E374DA92146CE62CFBFE0B /* CloudSyncService.swift */,
				76A77D3FDB552C140E3149E5 /* CrashLogger.swift */,
				9D70E215F9DE7390843E2DF7 /* CustomWebhookClient.swift */,
				65411F6821DCAD885D29DB7D /* DeviceLogSyncer.swift */,
				162F214A0422A7194AA90B4B /* DeviceMonitorService.swift */,
				871FE5A982756AE75248115C /* GeminiReplyService.swift */,
				0CE8733CB6FF67F0F2F96953 /* GeofenceManager.swift */,
				CB04048E4EB01CEF369353F2 /* GuestMessenger.swift */,
				EC68846A859A907B966E596F /* GuestPageClient.swift */,
				6480544F5EE3A4BB9E3659A7 /* HueClient.swift */,
				5BF4A6DF7F4D8B8F2F3F769A /* KAGIBLEManager.swift */,
				61EA27E96F21CEBBEF584299 /* KAGIService.swift */,
				EB4FA583B92F4007538C62DB /* KeychainBackup.swift */,
				178648ECA30DFCA16AB4A9D2 /* LINEMessagingClient.swift */,
				F35182EADA29CA205A4B0F54 /* LiveActivityManager.swift */,
				5F16794E6BDCCDEAB5498E86 /* MessagePoller.swift */,
				75A7738C9B133BAD5F2D5277 /* NatureRemoClient.swift */,
				E6F9D70D846BC44CF5A602BC /* NukiClient.swift */,
				BAB5D0A3ED2626B0E4731E02 /* PMSProvider.swift */,
				6225C6F3C04A1B644AB513BD /* PricingSuggestionService.swift */,
				32158B774C086E21BC995178 /* ReplySuggestionService.swift */,
				7AE71E0CB6DD12F3351EC5E2 /* ReportExportService.swift */,
				0668A0574B44F66A312B807A /* SesameClient.swift */,
				3BDCA8C9C6D061BAB8F01581 /* ShareClient.swift */,
				EB1CF7DF0A6A431F72B3F4EB /* SubscriptionManager.swift */,
				8D434ABEDE8CBCF81DAB40B4 /* SwitchBotClient.swift */,
				460C94A117D702F623FE9348 /* TemairaClient.swift */,
				DF7A5CFBA7C2F8466F90501D /* VaultEncryption.swift */,
				3EC6ABBDF8CC69A388C09BE4 /* VoiceCommandManager.swift */,
				3B807D87BC74FD287A183C3F /* WatchConnectivityManager.swift */,
			);
			path = Services;
			sourceTree = "<group>";
		};
		85FDC025A46AC03BC59F7D48 /* Views */ = {
			isa = PBXGroup;
			children = (
				CE9F5904D70A3FCDEB23D20C /* ActivityLogView.swift */,
				4769D86BDFA6A76D75263DE7 /* AddBookingView.swift */,
				8FC865AA02FDC96978238EDC /* AddDeviceView.swift */,
				19433A38FF73F82506EBAB25 /* AnalyticsDashboardView.swift */,
				37F90FBB9CB6FAFBB0309F35 /* AutomationView.swift */,
				E3AD228A71AB62B2F5DB3AC3 /* AutoPricingView.swift */,
				6A259AED848AB4C8EA9E334F /* BookingDetailView.swift */,
				F42E0B7D1773EDB94A1C55CD /* BookingView.swift */,
				903844E100FADD9AE75B29D3 /* CalendarAvailabilityView.swift */,
				132DA316B0CD860F60709030 /* CalendarView.swift */,
				A18158BEA6FB3B3E4284F9FB /* ChannelSettingsView.swift */,
				C5E7645B6944042DF9A58259 /* ChatWebSyncSheet.swift */,
				DFF9F29AA36D5EA8C3C0255F /* ChecklistView.swift */,
				4A441A03544C574CF65CCE8C /* CleaningManagementView.swift */,
				DAAD169465EE5DBFAE05B1B4 /* CleaningReportView.swift */,
				9E6A553743187CBEAF1279EC /* CloudSyncView.swift */,
				065FC965E0BAA44E8C904B81 /* DeviceAlertView.swift */,
				DEFDB187FC95534AEC056E23 /* DeviceView.swift */,
				F257BE471448A400CA948FD0 /* ExpenseIntegrationView.swift */,
				9E851084952E3CAFC34523A4 /* GuestCardView.swift */,
				D0A954BB6EC3F306C8E2780D /* GuestChatView.swift */,
				5F3C68D52D9631D27CDF2043 /* GuestGuideView.swift */,
				589873A5111678458952DDD4 /* GuestMessageView.swift */,
				160015E2DF380320E342D98A /* HomePagerView.swift */,
				06827396B74878C3BB4D53AF /* HomeShareView.swift */,
				8A514031FEF470BC9E5CE411 /* HomeView.swift */,
				7B006D885C4207A8CBBDDAEE /* HouseManualView.swift */,
				165A3D56ACF9557F7D227942 /* iPadContentView.swift */,
				22D149B8E7EBA2F2B2565578 /* KAGISetupView.swift */,
				ACEEF959ED61C79789BCE531 /* MaintenanceView.swift */,
				FA796739C47F10BF06AC0100 /* OnboardingView.swift */,
				1C8F685D38047FF791825571 /* PermitGuideView.swift */,
				EB22A3A833DF06FE5837B314 /* PricingSuggestionView.swift */,
				304DDF665C43330765C902FA /* PropertyListView.swift */,
				20BA3ADD4BA409C65FE246ED /* PropertyMapView.swift */,
				BB83BE6B37284891003E58D5 /* RevenueDashboardView.swift */,
				DF8F1B08B635B44524D8BFB2 /* RevenueHeatmapView.swift */,
				6651802531863B94FDCF097B /* RevenueReportView.swift */,
				FBF95A801D4C24BC16633076 /* ReviewsView.swift */,
				9BE1A34B9BFCF31174A58EAA /* SafetyDashboardView.swift */,
				29E6C3F6C13060C797DE77BE /* SecurityInfoView.swift */,
				7DBCFCDF59A790E77A47EBEA /* SettingsView.swift */,
				08025785F422D2919C6DA942 /* ShareCalendarView.swift */,
				CC107A395925B94DC3E39D02 /* SidebarView.swift */,
				36FD86D0592B03028A03873B /* SubscriptionView.swift */,
				75EEF33DCF83EDD8EA80E9D5 /* TeamView.swift */,
				608AB2A9F5F18D562E496375 /* UtilityView.swift */,
				8A1B480CDB5D65DBFBB8A000 /* VaultImportView.swift */,
				C2D622EF4A381F9287566742 /* VaultPageView.swift */,
				D77AD7D7C7CB083362A631FC /* VaultTabWrapper.swift */,
				1FB18BD8350978C3E3FA4513 /* VaultView.swift */,
				DF3D889890C8396509BAFE8C /* VoiceControlView.swift */,
			);
			path = Views;
			sourceTree = "<group>";
		};
		9E1A5DDDCF5826FF2ADD8A39 /* Sources */ = {
			isa = PBXGroup;
			children = (
				9183E03019349FA880E6457D /* CelebrationEffect.swift */,
				7BE953FA1594D81A67EE803E /* ContentView.swift */,
				71A30F5AEBA76259343DCB7B /* ICalImporter.swift */,
				FB100CD2B757485CF67CDB2C /* IntentExecutor.swift */,
				41A8CB296C488D526417E66E /* IntentHomeSync.swift */,
				E89BF7B6C864754A7FCE9375 /* KachaApp.swift */,
				70788C2DF6DE9CD669840FBE /* KachaIntents.swift */,
				A60F6A646D2896063281C066 /* NotificationManager.swift */,
				D09A76D1BDF1EA7B4A016620 /* SeedData.swift */,
				3B153E5A745042682B9C5E5E /* SoundPlayer.swift */,
				0A39BB08C1DE304C861E6DDF /* Theme.swift */,
				DCA239626A92C54009DA3876 /* Models */,
				7794EB87A920DB31714B9B44 /* Services */,
				1628794344B6EDBCDC7AD69B /* Utilities */,
				85FDC025A46AC03BC59F7D48 /* Views */,
			);
			name = Sources;
			path = Kacha/Sources;
			sourceTree = "<group>";
		};
		BC00C1D28539BDF433773DA3 /* Products */ = {
			isa = PBXGroup;
			children = (
				EF186F371A65C2693FAE07DB /* Kacha.app */,
				E7C1EDB4B6D61877A531A963 /* KachaClip.app */,
				4E705CE4E957781482F69C94 /* KachaTests.xctest */,
				568EC91134F0A2F61C08DBD7 /* KachaUITests.xctest */,
				6061AA6FF5AB39DC44768266 /* KachaWatch.app */,
				029B899D4EF902AED4FEADCE /* KachaWidget.appex */,
			);
			name = Products;
			sourceTree = "<group>";
		};
		C58176CBDC4AAE4B92188B3D /* KachaWatch */ = {
			isa = PBXGroup;
			children = (
				54E33957752AEBFE450C0596 /* Assets.xcassets */,
			);
			path = KachaWatch;
			sourceTree = "<group>";
		};
		DCA239626A92C54009DA3876 /* Models */ = {
			isa = PBXGroup;
			children = (
				4F3B1C9D98AC15A4C6B5F359 /* ActivityLog.swift */,
				7B68D61A0DC9E506F2C153D8 /* AutomationRule.swift */,
				0068BF8C4B0125A9301E4AC2 /* Booking.swift */,
				1BF72FD87FDE3B8024079E91 /* ChecklistItem.swift */,
				2A9083365BC5B6DF55C0F6AF /* CleaningReport.swift */,
				5BABA191063F2FAE1144B2B7 /* DeviceAlert.swift */,
				E9F988902B241B24F23EEE0E /* DeviceIntegration.swift */,
				83BBB15FB7353B00736BFFB4 /* Expense.swift */,
				87C38490B5E9B7D171FDB3D8 /* Home.swift */,
				36528C3D52714B042FBD63B8 /* HouseManual.swift */,
				A75E1ADB6E28C8039D87050B /* KachaLockAttributes.swift */,
				265B70DD183D503B1886CC1B /* KAGIDevice.swift */,
				C190FF87DB232B39D1DEF742 /* MaintenanceTask.swift */,
				B10DE186DF18EB44D13627BC /* PricingRule.swift */,
				02BAAC5A7F6865955238BB8D /* SecureItem.swift */,
				A0A0CB51626228DF521362F6 /* SentMessage.swift */,
				05A0EDD94BEFEE28BAC81C62 /* ShareRecord.swift */,
				BD16967AE38FC49E46E0DD01 /* SmartDevice.swift */,
				706676D2C24D95967B5009DC /* UtilityRecord.swift */,
			);
			path = Models;
			sourceTree = "<group>";
		};
		E23DEC3D0AE2F9637297C1D8 = {
			isa = PBXGroup;
			children = (
				4E3613F1A039FCA00D250B0B /* KachaClip */,
				5CE0D5DD2354825BF498A55A /* KachaTests */,
				FF624B2A27F1E91A6DE5972F /* KachaUITests */,
				C58176CBDC4AAE4B92188B3D /* KachaWatch */,
				6C3A68C7D8BB0698CF83B363 /* KachaWidget */,
				49EC5EF30442FA5C8BC442AC /* Resources */,
				9E1A5DDDCF5826FF2ADD8A39 /* Sources */,
				F6EAD4BEE54001B9CB074F63 /* Sources */,
				BC00C1D28539BDF433773DA3 /* Products */,
			);
			sourceTree = "<group>";
		};
		E581FC7BF0FBE03C997C2247 /* Sources */ = {
			isa = PBXGroup;
			children = (
				9A35820CB7F24AA30DE13515 /* KachaWidget.swift */,
				BF9FF991C3224B0466A07F19 /* KachaWidgetProvider.swift */,
				72B2725C30BF13F4FCF46F46 /* LockToggleIntent.swift */,
				B8F318F2DB4D19735087A3FE /* WidgetViews.swift */,
			);
			path = Sources;
			sourceTree = "<group>";
		};
		F6EAD4BEE54001B9CB074F63 /* Sources */ = {
			isa = PBXGroup;
			children = (
				1BDC3B7711D9E5B0F9F6DE48 /* ComplicationProvider.swift */,
				C5A2D76B51A3FD6A1DBFAAE6 /* HomeControlView.swift */,
				5FB5B67FA3D999266F720360 /* KachaWatchApp.swift */,
				86E0228765EAE5D3ED3CC100 /* WatchConnectivityManager.swift */,
				BF7E95FFA9BE8918FBF4158D /* WatchHomeView.swift */,
				6344B45F7EE9BE4A7A180AC5 /* WatchLockView.swift */,
			);
			name = Sources;
			path = KachaWatch/Sources;
			sourceTree = "<group>";
		};
		FF624B2A27F1E91A6DE5972F /* KachaUITests */ = {
			isa = PBXGroup;
			children = (
				2ECB4FB7EEB68F2FF93B870B /* KachaUITests.swift */,
			);
			path = KachaUITests;
			sourceTree = "<group>";
		};
/* End PBXGroup section */

/* Begin PBXNativeTarget section */
		180E1161DF8220F55BA39DBA /* KachaWidget */ = {
			isa = PBXNativeTarget;
			buildConfigurationList = 94C77DE908F39C49F3480577 /* Build configuration list for PBXNativeTarget "KachaWidget" */;
			buildPhases = (
				ED2CD258C94F39C17BD9418D /* Sources */,
			);
			buildRules = (
			);
			dependencies = (
				0C2E3D13F999A80DD8C65E6B /* PBXTargetDependency */,
			);
			name = KachaWidget;
			packageProductDependencies = (
			);
			productName = KachaWidget;
			productReference = 029B899D4EF902AED4FEADCE /* KachaWidget.appex */;
			productType = "com.apple.product-type.app-extension";
		};
		1E3909666D23A0D6AF8D33BC /* KachaTests */ = {
			isa = PBXNativeTarget;
			buildConfigurationList = FCB55631625BDB5896817516 /* Build configuration list for PBXNativeTarget "KachaTests" */;
			buildPhases = (
				33D58CB73BADA1E2D67611BD /* Sources */,
			);
			buildRules = (
			);
			dependencies = (
				3E1DB491C1675663786F7081 /* PBXTargetDependency */,
			);
			name = KachaTests;
			packageProductDependencies = (
			);
			productName = KachaTests;
			productReference = 4E705CE4E957781482F69C94 /* KachaTests.xctest */;
			productType = "com.apple.product-type.bundle.unit-test";
		};
		24AFDAEAD6C3F9D74416A85B /* KachaClip */ = {
			isa = PBXNativeTarget;
			buildConfigurationList = 39FFB6827715EA3498A91880 /* Build configuration list for PBXNativeTarget "KachaClip" */;
			buildPhases = (
				4EE15609B8141CCD4198DA74 /* Sources */,
			);
			buildRules = (
			);
			dependencies = (
			);
			name = KachaClip;
			packageProductDependencies = (
			);
			productName = KachaClip;
			productReference = E7C1EDB4B6D61877A531A963 /* KachaClip.app */;
			productType = "com.apple.product-type.application.on-demand-install-capable";
		};
		4D0AF71DB34F3556F74B4483 /* KachaWatch */ = {
			isa = PBXNativeTarget;
			buildConfigurationList = D488276D15DD7AACA898C0EB /* Build configuration list for PBXNativeTarget "KachaWatch" */;
			buildPhases = (
				FEA93A5FA55603F74C8E0292 /* Sources */,
				3FC2699D26DD1AA4749D92FC /* Resources */,
			);
			buildRules = (
			);
			dependencies = (
			);
			name = KachaWatch;
			packageProductDependencies = (
			);
			productName = KachaWatch;
			productReference = 6061AA6FF5AB39DC44768266 /* KachaWatch.app */;
			productType = "com.apple.product-type.application";
		};
		5472A2CFB8B6FC8DE72E07AE /* KachaUITests */ = {
			isa = PBXNativeTarget;
			buildConfigurationList = E3171D2FFBD9386BA0DA151E /* Build configuration list for PBXNativeTarget "KachaUITests" */;
			buildPhases = (
				33E4E9A1D987CCD25C7292CE /* Sources */,
			);
			buildRules = (
			);
			dependencies = (
				F7BF5F4EEB34ED9C5900E11B /* PBXTargetDependency */,
			);
			name = KachaUITests;
			packageProductDependencies = (
			);
			productName = KachaUITests;
			productReference = 568EC91134F0A2F61C08DBD7 /* KachaUITests.xctest */;
			productType = "com.apple.product-type.bundle.ui-testing";
		};
		59FDAC4872D7FB61A660A3D2 /* Kacha */ = {
			isa = PBXNativeTarget;
			buildConfigurationList = 9EC6965E22A27EF7C51C6D5F /* Build configuration list for PBXNativeTarget "Kacha" */;
			buildPhases = (
				E15766CF9847AE3412F2DBB5 /* Sources */,
				0BF2FD95C987D09FB9428396 /* Resources */,
			);
			buildRules = (
			);
			dependencies = (
			);
			name = Kacha;
			packageProductDependencies = (
			);
			productName = Kacha;
			productReference = EF186F371A65C2693FAE07DB /* Kacha.app */;
			productType = "com.apple.product-type.application";
		};
/* End PBXNativeTarget section */

/* Begin PBXProject section */
		0B5542499049F3EF46AF0716 /* Project object */ = {
			isa = PBXProject;
			attributes = {
				BuildIndependentTargetsInParallel = YES;
				LastUpgradeCheck = 1620;
				TargetAttributes = {
					180E1161DF8220F55BA39DBA = {
						DevelopmentTeam = 5BV85JW8US;
						ProvisioningStyle = Automatic;
					};
					1E3909666D23A0D6AF8D33BC = {
						DevelopmentTeam = 5BV85JW8US;
						ProvisioningStyle = Automatic;
					};
					24AFDAEAD6C3F9D74416A85B = {
						DevelopmentTeam = 5BV85JW8US;
						ProvisioningStyle = Automatic;
					};
					4D0AF71DB34F3556F74B4483 = {
						DevelopmentTeam = 5BV85JW8US;
						ProvisioningStyle = Automatic;
					};
					5472A2CFB8B6FC8DE72E07AE = {
						DevelopmentTeam = 5BV85JW8US;
						ProvisioningStyle = Automatic;
						TestTargetID = 59FDAC4872D7FB61A660A3D2;
					};
					59FDAC4872D7FB61A660A3D2 = {
						DevelopmentTeam = 5BV85JW8US;
						ProvisioningStyle = Automatic;
					};
				};
			};
			buildConfigurationList = A940A5701239CA9104F6892F /* Build configuration list for PBXProject "KAGI" */;
			compatibilityVersion = "Xcode 14.0";
			developmentRegion = en;
			hasScannedForEncodings = 0;
			knownRegions = (
				Base,
				en,
			);
			mainGroup = E23DEC3D0AE2F9637297C1D8;
			minimizedProjectReferenceProxies = 1;
			preferredProjectObjectVersion = 54;
			projectDirPath = "";
			projectRoot = "";
			targets = (
				59FDAC4872D7FB61A660A3D2 /* Kacha */,
				24AFDAEAD6C3F9D74416A85B /* KachaClip */,
				1E3909666D23A0D6AF8D33BC /* KachaTests */,
				5472A2CFB8B6FC8DE72E07AE /* KachaUITests */,
				4D0AF71DB34F3556F74B4483 /* KachaWatch */,
				180E1161DF8220F55BA39DBA /* KachaWidget */,
			);
		};
/* End PBXProject section */

/* Begin PBXResourcesBuildPhase section */
		0BF2FD95C987D09FB9428396 /* Resources */ = {
			isa = PBXResourcesBuildPhase;
			buildActionMask = 2147483647;
			files = (
				AC43BB3319EC47FD8B384400 /* Assets.xcassets in Resources */,
			);
			runOnlyForDeploymentPostprocessing = 0;
		};
		3FC2699D26DD1AA4749D92FC /* Resources */ = {
			isa = PBXResourcesBuildPhase;
			buildActionMask = 2147483647;
			files = (
				C1E3020FFB1DE2032F428854 /* Assets.xcassets in Resources */,
			);
			runOnlyForDeploymentPostprocessing = 0;
		};
/* End PBXResourcesBuildPhase section */

/* Begin PBXSourcesBuildPhase section */
		33D58CB73BADA1E2D67611BD /* Sources */ = {
			isa = PBXSourcesBuildPhase;
			buildActionMask = 2147483647;
			files = (
				EB54952FEF635CA1FB34517A /* AutomationEngineTests.swift in Sources */,
				0FC4C6D52A526D0A39DDB382 /* Beds24Tests.swift in Sources */,
				2DFDEAD6AED5E0B0ECAD99BD /* BookingTests.swift in Sources */,
				424BA9FA4D52ED1C93B7CDBC /* CloudSyncServiceTests.swift in Sources */,
				CA5C11B1D6767FCCF7750B64 /* DeviceMonitorTests.swift in Sources */,
				57361277C31B79754DA683FE /* GuestPageTests.swift in Sources */,
				E94F6AD123ACCBF0C441AD1A /* ModelTests.swift in Sources */,
				D1DDF49E11A7217960D157A2 /* PricingSuggestionTests.swift in Sources */,
				F40C57058EABE1C1A59D4E67 /* ShareTests.swift in Sources */,
				A8B4D56EA95A037457DFC505 /* VaultEncryptionTests.swift in Sources */,
			);
			runOnlyForDeploymentPostprocessing = 0;
		};
		33E4E9A1D987CCD25C7292CE /* Sources */ = {
			isa = PBXSourcesBuildPhase;
			buildActionMask = 2147483647;
			files = (
				1F54F593E23A0FF022AF4470 /* KachaUITests.swift in Sources */,
			);
			runOnlyForDeploymentPostprocessing = 0;
		};
		4EE15609B8141CCD4198DA74 /* Sources */ = {
			isa = PBXSourcesBuildPhase;
			buildActionMask = 2147483647;
			files = (
				9CA977D45EC36D9776A9E5AE /* GuestClipView.swift in Sources */,
				7552DFD723F3D10DB01F3AC4 /* KachaClipApp.swift in Sources */,
			);
			runOnlyForDeploymentPostprocessing = 0;
		};
		E15766CF9847AE3412F2DBB5 /* Sources */ = {
			isa = PBXSourcesBuildPhase;
			buildActionMask = 2147483647;
			files = (
				A6100AB632852E7577823899 /* ActivityLog.swift in Sources */,
				E7FB2D4224197639312B80DF /* ActivityLogView.swift in Sources */,
				3586CBC736C3DC757ACAD60E /* AddBookingView.swift in Sources */,
				3753DB91A24E15DBFC6CCEF7 /* AddDeviceView.swift in Sources */,
				4A274C4938D6CFA866D21802 /* AirhostClient.swift in Sources */,
				3C0B3B977B83A8050CE237D7 /* AnalyticsDashboardView.swift in Sources */,
				9D5414FF58F03354EC5104E8 /* AutoPricingView.swift in Sources */,
				5F6CCA1C776F496DF43409FD /* AutomationEngine.swift in Sources */,
				7BE36E174B9E608A15C68560 /* AutomationRule.swift in Sources */,
				AD90E02B1F35222565357FB7 /* AutomationView.swift in Sources */,
				C7B7AC3A2393B9C777AC84C4 /* BackgroundRefresh.swift in Sources */,
				241F0A22455D6036369FA268 /* Beds24Client.swift in Sources */,
				5692DBECEB7B4EC1984B5E7B /* Booking.swift in Sources */,
				90FF89A372AE781E3B5504D0 /* BookingDetailView.swift in Sources */,
				66937C83B5120D1343E68279 /* BookingPoller.swift in Sources */,
				64C319DAE37EE059B4F673F6 /* BookingView.swift in Sources */,
				4434426571434D0608ABCBF5 /* CalendarAvailabilityView.swift in Sources */,
				9870A57715DDEA01D8423448 /* CalendarView.swift in Sources */,
				654F6D9993AE0C02836A5908 /* CelebrationEffect.swift in Sources */,
				B780364493480FF668046FFB /* ChannelSettingsView.swift in Sources */,
				B7F5BF8223E04621E7D6BB43 /* ChatWebSyncSheet.swift in Sources */,
				60D13596C7D4AC6DBDE5B557 /* ChatWebVaultSync.swift in Sources */,
				1945567B04ACD0105C070EE3 /* ChecklistItem.swift in Sources */,
				202178F1E9C71356A333D319 /* ChecklistView.swift in Sources */,
				AB1CD0A08A666523214FBDC0 /* CleaningManagementView.swift in Sources */,
				05E437437494AB2C2B4893BB /* CleaningNotificationService.swift in Sources */,
				70B670D9DA8612D9AA6F3479 /* CleaningReport.swift in Sources */,
				D5A4F05C6BB58AD03156392D /* CleaningReportView.swift in Sources */,
				F2128682F1EDB21CAF812A5E /* CloudSyncService.swift in Sources */,
				15523C6D8F847A9DFAF4C3EA /* CloudSyncView.swift in Sources */,
				287380B58E2EF6AC9EEC0A29 /* ContentView.swift in Sources */,
				B5F0C7BD27C7A2997BFFB0FD /* CrashLogger.swift in Sources */,
				2E6FF3089527828110622EF7 /* CustomWebhookClient.swift in Sources */,
				8D263CF05E220E96780F9D86 /* DeviceAlert.swift in Sources */,
				275E4372B2AC45B616CCA010 /* DeviceAlertView.swift in Sources */,
				47C6016E2A32883EE332C370 /* DeviceIntegration.swift in Sources */,
				5D29ABC7A5FD5D39490ECCE6 /* DeviceLogSyncer.swift in Sources */,
				84C77081AE410C6C87AB9F8A /* DeviceMonitorService.swift in Sources */,
				C0A6844731A08880AEB7CD08 /* DeviceView.swift in Sources */,
				07337588A01586E6FD2DB15C /* Expense.swift in Sources */,
				38DFFD79AD90FA8022CEAD8E /* ExpenseIntegrationView.swift in Sources */,
				EBFE8261E06CF85D4C8668C9 /* GeminiReplyService.swift in Sources */,
				AF8C83C18F5EFC9CC8103DA7 /* GeofenceManager.swift in Sources */,
				38D77CF8E8A8A2ED3377DD3E /* GuestCardView.swift in Sources */,
				14DB6665863655885FA979F1 /* GuestChatView.swift in Sources */,
				79A59580BF702C3F49DD8311 /* GuestGuideView.swift in Sources */,
				1AD04C7E0E29A2FDB7FB17B0 /* GuestLocalization.swift in Sources */,
				E2072AEA3954F9694168BD3F /* GuestMessageView.swift in Sources */,
				3D60D0BD67072D7A194F026D /* GuestMessenger.swift in Sources */,
				C55AA517F120AC015960CDB3 /* GuestPageClient.swift in Sources */,
				EA9D176F437ED6EFDD7AF58F /* Home.swift in Sources */,
				4ED9B0D1C3597EA78F5B41C8 /* HomePagerView.swift in Sources */,
				D4492ACE9D921DF35EF6C44F /* HomeShareView.swift in Sources */,
				6ADFEA5BD9DA2A9115A17D76 /* HomeView.swift in Sources */,
				5E63D765CC880A8672A332BD /* HouseManual.swift in Sources */,
				2174615BAAFF5CFFD22141BD /* HouseManualView.swift in Sources */,
				F463539A779177B5E82FCBB9 /* HueClient.swift in Sources */,
				B2BE4BA6738B3A36B0C0589D /* ICalImporter.swift in Sources */,
				B2DD9A8E80CF0B46CA06942A /* IntentExecutor.swift in Sources */,
				3BBA89984CD05EF1A1751554 /* IntentHomeSync.swift in Sources */,
				2349A9FB2E2A3B7ADD13D109 /* KAGIBLEManager.swift in Sources */,
				CB637F4FF456AC5A2BB336F4 /* KAGIDevice.swift in Sources */,
				8E7EB8F97E6FBD9956C6F137 /* KAGIService.swift in Sources */,
				6D521A476A5E9D3330BCCA61 /* KAGISetupView.swift in Sources */,
				22DB6CD013E4411D3ABE4CEC /* KachaApp.swift in Sources */,
				FF2A01E15566B2171305F221 /* KachaIntents.swift in Sources */,
				46517CD149BCA7E55FF81F9D /* KachaLockAttributes.swift in Sources */,
				E9F45288CA6B5F76E5184540 /* KeychainBackup.swift in Sources */,
				DF02CB5CD38B4F6BE262E861 /* LINEMessagingClient.swift in Sources */,
				DB076CFC7F5C00FB9A1595C2 /* LiveActivityManager.swift in Sources */,
				113A8623FC8B2F76E3E5218C /* MaintenanceTask.swift in Sources */,
				1B7F1D50099715B07A7D7BB7 /* MaintenanceView.swift in Sources */,
				F9EE8CF5F19C56117F7A028E /* MessagePoller.swift in Sources */,
				B9FD7C5865D80BBD83CA6FF7 /* NatureRemoClient.swift in Sources */,
				F9E7F7633747489707FB1683 /* NotificationManager.swift in Sources */,
				6D19AEFA31DCC33349C53045 /* NukiClient.swift in Sources */,
				39B86E19DEC577A5CBB25534 /* OnboardingView.swift in Sources */,
				9EAC8CC6557D4BA12675E158 /* PMSProvider.swift in Sources */,
				AEAA1DB38EEE0B8C238DEE63 /* PermitGuideView.swift in Sources */,
				79730FD8AA75163C8B1736C5 /* PricingRule.swift in Sources */,
				441E8FD8EFFDEDE3C2F16F94 /* PricingSuggestionService.swift in Sources */,
				8700E1EFF2794A8AEEE0D7B2 /* PricingSuggestionView.swift in Sources */,
				E39E161E66933B76ADF4D437 /* PropertyListView.swift in Sources */,
				896C00AA94FC5AAEA9E6CC1B /* PropertyMapView.swift in Sources */,
				C0A20ABFE84E381EAEF7F37A /* ReplySuggestionService.swift in Sources */,
				59F2085DE829D0E540CEB606 /* ReportExportService.swift in Sources */,
				C5422D306CB4B712E2157822 /* RevenueDashboardView.swift in Sources */,
				14CFA2D67BC843F27E453ED4 /* RevenueHeatmapView.swift in Sources */,
				94D166B50EB7124EA0361B09 /* RevenueReportView.swift in Sources */,
				7636A80377BF8031ACE00F38 /* ReviewsView.swift in Sources */,
				9EC615495DFCFB31A07104F6 /* SafetyDashboardView.swift in Sources */,
				7862EC0E078C9CC022633991 /* SecureItem.swift in Sources */,
				A535489F46C28B356702DA0B /* SecurityInfoView.swift in Sources */,
				B6F2F22A46472DBDA06B24C2 /* SeedData.swift in Sources */,
				B2633B8D1D9E82DAE4E7C65D /* SentMessage.swift in Sources */,
				917C4552E16AC798887C1868 /* SesameClient.swift in Sources */,
				66C3971587E732DD4FB143B4 /* SettingsView.swift in Sources */,
				7CB3ABFC506E5F05E6BF3BC9 /* ShareCalendarView.swift in Sources */,
				427C5F817BFE63A50C7E74D0 /* ShareClient.swift in Sources */,
				D17C4025CE2547E918ADB7ED /* ShareRecord.swift in Sources */,
				5A3E6A63CBF94C59A0C26271 /* SidebarView.swift in Sources */,
				242F58D2019341A512038078 /* SmartDevice.swift in Sources */,
				1D8DB5076F3DC8478E1BF52B /* SoundPlayer.swift in Sources */,
				B005BC09D50FE94DDC76C525 /* SubscriptionManager.swift in Sources */,
				EB3ADA9AC534A408629845C3 /* SubscriptionView.swift in Sources */,
				EF81C29A2AA5012CEB538248 /* SwitchBotClient.swift in Sources */,
				1139C3EFC683D4DE96A5ECF2 /* TeamView.swift in Sources */,
				185887FB8375F715ABE61510 /* TemairaClient.swift in Sources */,
				3E58A61E01C56197C88A7AB8 /* Theme.swift in Sources */,
				04CEACE6B8CA1B48B3AACDEB /* UtilityRecord.swift in Sources */,
				FBDAA00FE3A92387E446F912 /* UtilityView.swift in Sources */,
				27FDE4B017A58201EAA04B51 /* VaultEncryption.swift in Sources */,
				D2B2E50F17B090F7C5FB7DD5 /* VaultImportView.swift in Sources */,
				2397F8D011D0D555BDF79B45 /* VaultPageView.swift in Sources */,
				B1A45B58765CAF7A47AF6E56 /* VaultTabWrapper.swift in Sources */,
				2AA63BDC1959E269BF1294AE /* VaultView.swift in Sources */,
				9BB9B10F92BDE7A06C1ACBEC /* VoiceCommandManager.swift in Sources */,
				34E08D361F512BBFF7221760 /* VoiceControlView.swift in Sources */,
				D3D161FFBB8591EC0CACD99A /* WatchConnectivityManager.swift in Sources */,
				AD24B31F60B6B6667BD47C16 /* WidgetDataSync.swift in Sources */,
				D24AD72FB6287F5B185E8A54 /* iPadContentView.swift in Sources */,
			);
			runOnlyForDeploymentPostprocessing = 0;
		};
		ED2CD258C94F39C17BD9418D /* Sources */ = {
			isa = PBXSourcesBuildPhase;
			buildActionMask = 2147483647;
			files = (
				9651F421E9FAA78DC4E5463D /* KachaWidget.swift in Sources */,
				770FB93DBD638FDCEFD2D63C /* KachaWidgetProvider.swift in Sources */,
				57BAAE50E0C9FAA6AF763493 /* LockToggleIntent.swift in Sources */,
				2E70630F6139CD6FD8530FFD /* WidgetViews.swift in Sources */,
			);
			runOnlyForDeploymentPostprocessing = 0;
		};
		FEA93A5FA55603F74C8E0292 /* Sources */ = {
			isa = PBXSourcesBuildPhase;
			buildActionMask = 2147483647;
			files = (
				04F163198B7FFF6914DC7162 /* ComplicationProvider.swift in Sources */,
				0D5085634FA2F4BCFB49AFF4 /* HomeControlView.swift in Sources */,
				38545DED9FFD5BF4ADF288FF /* KachaWatchApp.swift in Sources */,
				90BFDC67D2B1F3DC2BF4A125 /* WatchConnectivityManager.swift in Sources */,
				7EBEC5D66C41A9C3C251A9A1 /* WatchHomeView.swift in Sources */,
				F998305354886C544BEDC22A /* WatchLockView.swift in Sources */,
			);
			runOnlyForDeploymentPostprocessing = 0;
		};
/* End PBXSourcesBuildPhase section */

/* Begin PBXTargetDependency section */
		0C2E3D13F999A80DD8C65E6B /* PBXTargetDependency */ = {
			isa = PBXTargetDependency;
			target = 59FDAC4872D7FB61A660A3D2 /* Kacha */;
			targetProxy = CE4AC2C2AC96756068A4E6C8 /* PBXContainerItemProxy */;
		};
		3E1DB491C1675663786F7081 /* PBXTargetDependency */ = {
			isa = PBXTargetDependency;
			target = 59FDAC4872D7FB61A660A3D2 /* Kacha */;
			targetProxy = FD2B3ABC33BA0CBD925DA855 /* PBXContainerItemProxy */;
		};
		F7BF5F4EEB34ED9C5900E11B /* PBXTargetDependency */ = {
			isa = PBXTargetDependency;
			target = 59FDAC4872D7FB61A660A3D2 /* Kacha */;
			targetProxy = FCD6016F9C33A3842F6A6966 /* PBXContainerItemProxy */;
		};
/* End PBXTargetDependency section */

/* Begin XCBuildConfiguration section */
		33BBD52D96D0B89607C153B5 /* Debug */ = {
			isa = XCBuildConfiguration;
			buildSettings = {
				BUNDLE_LOADER = "$(TEST_HOST)";
				DEVELOPMENT_TEAM = 5BV85JW8US;
				GENERATE_INFOPLIST_FILE = YES;
				LD_RUNPATH_SEARCH_PATHS = (
					"$(inherited)",
					"@executable_path/Frameworks",
					"@loader_path/Frameworks",
				);
				PRODUCT_BUNDLE_IDENTIFIER = com.enablerdao.kacha.uitests;
				SDKROOT = iphoneos;
				TARGETED_DEVICE_FAMILY = "1,2";
				TEST_TARGET_NAME = Kacha;
			};
			name = Debug;
		};
		54413577F70B828F74217B00 /* Debug */ = {
			isa = XCBuildConfiguration;
			buildSettings = {
				BUNDLE_LOADER = "$(TEST_HOST)";
				DEVELOPMENT_TEAM = 5BV85JW8US;
				GENERATE_INFOPLIST_FILE = YES;
				LD_RUNPATH_SEARCH_PATHS = (
					"$(inherited)",
					"@executable_path/Frameworks",
					"@loader_path/Frameworks",
				);
				PRODUCT_BUNDLE_IDENTIFIER = com.enablerdao.kacha.tests;
				SDKROOT = iphoneos;
				TARGETED_DEVICE_FAMILY = "1,2";
				TEST_HOST = "$(BUILT_PRODUCTS_DIR)/Kacha.app/Kacha";
			};
			name = Debug;
		};
		5502FA97F61F95109CD29E35 /* Release */ = {
			isa = XCBuildConfiguration;
			buildSettings = {
				ALWAYS_SEARCH_USER_PATHS = NO;
				CLANG_ANALYZER_NONNULL = YES;
				CLANG_ANALYZER_NUMBER_OBJECT_CONVERSION = YES_AGGRESSIVE;
				CLANG_CXX_LANGUAGE_STANDARD = "gnu++14";
				CLANG_CXX_LIBRARY = "libc++";
				CLANG_ENABLE_MODULES = YES;
				CLANG_ENABLE_OBJC_ARC = YES;
				CLANG_ENABLE_OBJC_WEAK = YES;
				CLANG_WARN_BLOCK_CAPTURE_AUTORELEASING = YES;
				CLANG_WARN_BOOL_CONVERSION = YES;
				CLANG_WARN_COMMA = YES;
				CLANG_WARN_CONSTANT_CONVERSION = YES;
				CLANG_WARN_DEPRECATED_OBJC_IMPLEMENTATIONS = YES;
				CLANG_WARN_DIRECT_OBJC_ISA_USAGE = YES_ERROR;
				CLANG_WARN_DOCUMENTATION_COMMENTS = YES;
				CLANG_WARN_EMPTY_BODY = YES;
				CLANG_WARN_ENUM_CONVERSION = YES;
				CLANG_WARN_INFINITE_RECURSION = YES;
				CLANG_WARN_INT_CONVERSION = YES;
				CLANG_WARN_NON_LITERAL_NULL_CONVERSION = YES;
				CLANG_WARN_OBJC_IMPLICIT_RETAIN_SELF = YES;
				CLANG_WARN_OBJC_LITERAL_CONVERSION = YES;
				CLANG_WARN_OBJC_ROOT_CLASS = YES_ERROR;
				CLANG_WARN_QUOTED_INCLUDE_IN_FRAMEWORK_HEADER = YES;
				CLANG_WARN_RANGE_LOOP_ANALYSIS = YES;
				CLANG_WARN_STRICT_PROTOTYPES = YES;
				CLANG_WARN_SUSPICIOUS_MOVE = YES;
				CLANG_WARN_UNGUARDED_AVAILABILITY = YES_AGGRESSIVE;
				CLANG_WARN_UNREACHABLE_CODE = YES;
				CLANG_WARN__DUPLICATE_METHOD_MATCH = YES;
				CODE_SIGN_STYLE = Automatic;
				COPY_PHASE_STRIP = NO;
				CURRENT_PROJECT_VERSION = 11;
				DEBUG_INFORMATION_FORMAT = "dwarf-with-dsym";
				DEVELOPMENT_TEAM = 5BV85JW8US;
				ENABLE_NS_ASSERTIONS = NO;
				ENABLE_STRICT_OBJC_MSGSEND = YES;
				GCC_C_LANGUAGE_STANDARD = gnu11;
				GCC_NO_COMMON_BLOCKS = YES;
				GCC_WARN_64_TO_32_BIT_CONVERSION = YES;
				GCC_WARN_ABOUT_RETURN_TYPE = YES_ERROR;
				GCC_WARN_UNDECLARED_SELECTOR = YES;
				GCC_WARN_UNINITIALIZED_AUTOS = YES_AGGRESSIVE;
				GCC_WARN_UNUSED_FUNCTION = YES;
				GCC_WARN_UNUSED_VARIABLE = YES;
				IPHONEOS_DEPLOYMENT_TARGET = 17.0;
				MARKETING_VERSION = 1.0.0;
				MTL_ENABLE_DEBUG_INFO = NO;
				MTL_FAST_MATH = YES;
				PRODUCT_NAME = "$(TARGET_NAME)";
				SWIFT_COMPILATION_MODE = wholemodule;
				SWIFT_OPTIMIZATION_LEVEL = "-O";
				SWIFT_VERSION = 5.9;
				WATCHOS_DEPLOYMENT_TARGET = 10.0;
			};
			name = Release;
		};
		60E180B0909F7FE84F93C895 /* Debug */ = {
			isa = XCBuildConfiguration;
			buildSettings = {
				CODE_SIGN_ENTITLEMENTS = KachaWidget/KachaWidget.entitlements;
				CODE_SIGN_STYLE = Automatic;
				DEVELOPMENT_TEAM = 5BV85JW8US;
				INFOPLIST_FILE = KachaWidget/Info.plist;
				LD_RUNPATH_SEARCH_PATHS = (
					"$(inherited)",
					"@executable_path/Frameworks",
					"@executable_path/../../Frameworks",
				);
				PRODUCT_BUNDLE_IDENTIFIER = com.enablerdao.kacha.widget;
				SDKROOT = iphoneos;
				TARGETED_DEVICE_FAMILY = 1;
			};
			name = Debug;
		};
		63B58C5C54D25946CCA613EE /* Release */ = {
			isa = XCBuildConfiguration;
			buildSettings = {
				ASSETCATALOG_COMPILER_APPICON_NAME = AppIcon;
				CODE_SIGN_ENTITLEMENTS = Kacha/Kacha.entitlements;
				CODE_SIGN_IDENTITY = "iPhone Developer";
				INFOPLIST_FILE = Kacha/Info.plist;
				LD_RUNPATH_SEARCH_PATHS = (
					"$(inherited)",
					"@executable_path/Frameworks",
				);
				PRODUCT_BUNDLE_IDENTIFIER = com.enablerdao.kacha;
				PRODUCT_NAME = Kacha;
				SDKROOT = iphoneos;
				SUPPORTS_MAC_DESIGNED_FOR_IPHONE_IPAD = NO;
				TARGETED_DEVICE_FAMILY = 1;
			};
			name = Release;
		};
		6AC47A9AF4225E288CCCB1E9 /* Debug */ = {
			isa = XCBuildConfiguration;
			buildSettings = {
				CODE_SIGN_ENTITLEMENTS = KachaClip/KachaClip.entitlements;
				CODE_SIGN_STYLE = Automatic;
				DEVELOPMENT_TEAM = 5BV85JW8US;
				INFOPLIST_FILE = KachaClip/Info.plist;
				LD_RUNPATH_SEARCH_PATHS = (
					"$(inherited)",
					"@executable_path/Frameworks",
				);
				PRODUCT_BUNDLE_IDENTIFIER = com.enablerdao.kacha.Clip;
				PRODUCT_NAME = KachaClip;
				SDKROOT = iphoneos;
				SUPPORTS_MAC_DESIGNED_FOR_IPHONE_IPAD = NO;
				TARGETED_DEVICE_FAMILY = 1;
				_EXPERIENCEKIT_IDENTIFIER = com.enablerdao.kacha.Clip;
			};
			name = Debug;
		};
		8BBC78A881FD0724FE12C0FB /* Debug */ = {
			isa = XCBuildConfiguration;
			buildSettings = {
				ALWAYS_SEARCH_USER_PATHS = NO;
				CLANG_ANALYZER_NONNULL = YES;
				CLANG_ANALYZER_NUMBER_OBJECT_CONVERSION = YES_AGGRESSIVE;
				CLANG_CXX_LANGUAGE_STANDARD = "gnu++14";
				CLANG_CXX_LIBRARY = "libc++";
				CLANG_ENABLE_MODULES = YES;
				CLANG_ENABLE_OBJC_ARC = YES;
				CLANG_ENABLE_OBJC_WEAK = YES;
				CLANG_WARN_BLOCK_CAPTURE_AUTORELEASING = YES;
				CLANG_WARN_BOOL_CONVERSION = YES;
				CLANG_WARN_COMMA = YES;
				CLANG_WARN_CONSTANT_CONVERSION = YES;
				CLANG_WARN_DEPRECATED_OBJC_IMPLEMENTATIONS = YES;
				CLANG_WARN_DIRECT_OBJC_ISA_USAGE = YES_ERROR;
				CLANG_WARN_DOCUMENTATION_COMMENTS = YES;
				CLANG_WARN_EMPTY_BODY = YES;
				CLANG_WARN_ENUM_CONVERSION = YES;
				CLANG_WARN_INFINITE_RECURSION = YES;
				CLANG_WARN_INT_CONVERSION = YES;
				CLANG_WARN_NON_LITERAL_NULL_CONVERSION = YES;
				CLANG_WARN_OBJC_IMPLICIT_RETAIN_SELF = YES;
				CLANG_WARN_OBJC_LITERAL_CONVERSION = YES;
				CLANG_WARN_OBJC_ROOT_CLASS = YES_ERROR;
				CLANG_WARN_QUOTED_INCLUDE_IN_FRAMEWORK_HEADER = YES;
				CLANG_WARN_RANGE_LOOP_ANALYSIS = YES;
				CLANG_WARN_STRICT_PROTOTYPES = YES;
				CLANG_WARN_SUSPICIOUS_MOVE = YES;
				CLANG_WARN_UNGUARDED_AVAILABILITY = YES_AGGRESSIVE;
				CLANG_WARN_UNREACHABLE_CODE = YES;
				CLANG_WARN__DUPLICATE_METHOD_MATCH = YES;
				CODE_SIGN_STYLE = Automatic;
				COPY_PHASE_STRIP = NO;
				CURRENT_PROJECT_VERSION = 11;
				DEBUG_INFORMATION_FORMAT = dwarf;
				DEVELOPMENT_TEAM = 5BV85JW8US;
				ENABLE_STRICT_OBJC_MSGSEND = YES;
				ENABLE_TESTABILITY = YES;
				GCC_C_LANGUAGE_STANDARD = gnu11;
				GCC_DYNAMIC_NO_PIC = NO;
				GCC_NO_COMMON_BLOCKS = YES;
				GCC_OPTIMIZATION_LEVEL = 0;
				GCC_PREPROCESSOR_DEFINITIONS = (
					"$(inherited)",
					"DEBUG=1",
				);
				GCC_WARN_64_TO_32_BIT_CONVERSION = YES;
				GCC_WARN_ABOUT_RETURN_TYPE = YES_ERROR;
				GCC_WARN_UNDECLARED_SELECTOR = YES;
				GCC_WARN_UNINITIALIZED_AUTOS = YES_AGGRESSIVE;
				GCC_WARN_UNUSED_FUNCTION = YES;
				GCC_WARN_UNUSED_VARIABLE = YES;
				IPHONEOS_DEPLOYMENT_TARGET = 17.0;
				MARKETING_VERSION = 1.0.0;
				MTL_ENABLE_DEBUG_INFO = INCLUDE_SOURCE;
				MTL_FAST_MATH = YES;
				ONLY_ACTIVE_ARCH = YES;
				PRODUCT_NAME = "$(TARGET_NAME)";
				SWIFT_ACTIVE_COMPILATION_CONDITIONS = DEBUG;
				SWIFT_OPTIMIZATION_LEVEL = "-Onone";
				SWIFT_VERSION = 5.9;
				WATCHOS_DEPLOYMENT_TARGET = 10.0;
			};
			name = Debug;
		};
		8C115E1565176C7AAEA75AAE /* Release */ = {
			isa = XCBuildConfiguration;
			buildSettings = {
				CODE_SIGN_ENTITLEMENTS = KachaWidget/KachaWidget.entitlements;
				CODE_SIGN_STYLE = Automatic;
				DEVELOPMENT_TEAM = 5BV85JW8US;
				INFOPLIST_FILE = KachaWidget/Info.plist;
				LD_RUNPATH_SEARCH_PATHS = (
					"$(inherited)",
					"@executable_path/Frameworks",
					"@executable_path/../../Frameworks",
				);
				PRODUCT_BUNDLE_IDENTIFIER = com.enablerdao.kacha.widget;
				SDKROOT = iphoneos;
				TARGETED_DEVICE_FAMILY = 1;
			};
			name = Release;
		};
		8F3A47D4DB6C2B2DD45A5B15 /* Release */ = {
			isa = XCBuildConfiguration;
			buildSettings = {
				CODE_SIGN_ENTITLEMENTS = KachaClip/KachaClip.entitlements;
				CODE_SIGN_STYLE = Automatic;
				DEVELOPMENT_TEAM = 5BV85JW8US;
				INFOPLIST_FILE = KachaClip/Info.plist;
				LD_RUNPATH_SEARCH_PATHS = (
					"$(inherited)",
					"@executable_path/Frameworks",
				);
				PRODUCT_BUNDLE_IDENTIFIER = com.enablerdao.kacha.Clip;
				PRODUCT_NAME = KachaClip;
				SDKROOT = iphoneos;
				SUPPORTS_MAC_DESIGNED_FOR_IPHONE_IPAD = NO;
				TARGETED_DEVICE_FAMILY = 1;
				_EXPERIENCEKIT_IDENTIFIER = com.enablerdao.kacha.Clip;
			};
			name = Release;
		};
		AA99948BB5557EFBA220A32A /* Release */ = {
			isa = XCBuildConfiguration;
			buildSettings = {
				BUNDLE_LOADER = "$(TEST_HOST)";
				DEVELOPMENT_TEAM = 5BV85JW8US;
				GENERATE_INFOPLIST_FILE = YES;
				LD_RUNPATH_SEARCH_PATHS = (
					"$(inherited)",
					"@executable_path/Frameworks",
					"@loader_path/Frameworks",
				);
				PRODUCT_BUNDLE_IDENTIFIER = com.enablerdao.kacha.tests;
				SDKROOT = iphoneos;
				TARGETED_DEVICE_FAMILY = "1,2";
				TEST_HOST = "$(BUILT_PRODUCTS_DIR)/Kacha.app/Kacha";
			};
			name = Release;
		};
		AE5DA88F464E84E0AFB05C93 /* Debug */ = {
			isa = XCBuildConfiguration;
			buildSettings = {
				ASSETCATALOG_COMPILER_APPICON_NAME = AppIcon;
				CODE_SIGN_STYLE = Automatic;
				DEVELOPMENT_TEAM = 5BV85JW8US;
				INFOPLIST_FILE = KachaWatch/Info.plist;
				PRODUCT_BUNDLE_IDENTIFIER = com.enablerdao.kacha.watchkitapp;
				PRODUCT_NAME = KachaWatch;
				SDKROOT = watchos;
				SKIP_INSTALL = YES;
				SWIFT_VERSION = 5.9;
				TARGETED_DEVICE_FAMILY = 4;
			};
			name = Debug;
		};
		DCA77DE18771D91788C235AF /* Release */ = {
			isa = XCBuildConfiguration;
			buildSettings = {
				ASSETCATALOG_COMPILER_APPICON_NAME = AppIcon;
				CODE_SIGN_STYLE = Automatic;
				DEVELOPMENT_TEAM = 5BV85JW8US;
				INFOPLIST_FILE = KachaWatch/Info.plist;
				PRODUCT_BUNDLE_IDENTIFIER = com.enablerdao.kacha.watchkitapp;
				PRODUCT_NAME = KachaWatch;
				SDKROOT = watchos;
				SKIP_INSTALL = YES;
				SWIFT_VERSION = 5.9;
				TARGETED_DEVICE_FAMILY = 4;
			};
			name = Release;
		};
		DDFDFE9E3065BDE239105DC6 /* Release */ = {
			isa = XCBuildConfiguration;
			buildSettings = {
				BUNDLE_LOADER = "$(TEST_HOST)";
				DEVELOPMENT_TEAM = 5BV85JW8US;
				GENERATE_INFOPLIST_FILE = YES;
				LD_RUNPATH_SEARCH_PATHS = (
					"$(inherited)",
					"@executable_path/Frameworks",
					"@loader_path/Frameworks",
				);
				PRODUCT_BUNDLE_IDENTIFIER = com.enablerdao.kacha.uitests;
				SDKROOT = iphoneos;
				TARGETED_DEVICE_FAMILY = "1,2";
				TEST_TARGET_NAME = Kacha;
			};
			name = Release;
		};
		E306EBB385C2211853954730 /* Debug */ = {
			isa = XCBuildConfiguration;
			buildSettings = {
				ASSETCATALOG_COMPILER_APPICON_NAME = AppIcon;
				CODE_SIGN_ENTITLEMENTS = Kacha/Kacha.entitlements;
				CODE_SIGN_IDENTITY = "iPhone Developer";
				INFOPLIST_FILE = Kacha/Info.plist;
				LD_RUNPATH_SEARCH_PATHS = (
					"$(inherited)",
					"@executable_path/Frameworks",
				);
				PRODUCT_BUNDLE_IDENTIFIER = com.enablerdao.kacha;
				PRODUCT_NAME = Kacha;
				SDKROOT = iphoneos;
				SUPPORTS_MAC_DESIGNED_FOR_IPHONE_IPAD = NO;
				TARGETED_DEVICE_FAMILY = 1;
			};
			name = Debug;
		};
/* End XCBuildConfiguration section */

/* Begin XCConfigurationList section */
		39FFB6827715EA3498A91880 /* Build configuration list for PBXNativeTarget "KachaClip" */ = {
			isa = XCConfigurationList;
			buildConfigurations = (
				6AC47A9AF4225E288CCCB1E9 /* Debug */,
				8F3A47D4DB6C2B2DD45A5B15 /* Release */,
			);
			defaultConfigurationIsVisible = 0;
			defaultConfigurationName = Debug;
		};
		94C77DE908F39C49F3480577 /* Build configuration list for PBXNativeTarget "KachaWidget" */ = {
			isa = XCConfigurationList;
			buildConfigurations = (
				60E180B0909F7FE84F93C895 /* Debug */,
				8C115E1565176C7AAEA75AAE /* Release */,
			);
			defaultConfigurationIsVisible = 0;
			defaultConfigurationName = Debug;
		};
		9EC6965E22A27EF7C51C6D5F /* Build configuration list for PBXNativeTarget "Kacha" */ = {
			isa = XCConfigurationList;
			buildConfigurations = (
				E306EBB385C2211853954730 /* Debug */,
				63B58C5C54D25946CCA613EE /* Release */,
			);
			defaultConfigurationIsVisible = 0;
			defaultConfigurationName = Debug;
		};
		A940A5701239CA9104F6892F /* Build configuration list for PBXProject "KAGI" */ = {
			isa = XCConfigurationList;
			buildConfigurations = (
				8BBC78A881FD0724FE12C0FB /* Debug */,
				5502FA97F61F95109CD29E35 /* Release */,
			);
			defaultConfigurationIsVisible = 0;
			defaultConfigurationName = Debug;
		};
		D488276D15DD7AACA898C0EB /* Build configuration list for PBXNativeTarget "KachaWatch" */ = {
			isa = XCConfigurationList;
			buildConfigurations = (
				AE5DA88F464E84E0AFB05C93 /* Debug */,
				DCA77DE18771D91788C235AF /* Release */,
			);
			defaultConfigurationIsVisible = 0;
			defaultConfigurationName = Debug;
		};
		E3171D2FFBD9386BA0DA151E /* Build configuration list for PBXNativeTarget "KachaUITests" */ = {
			isa = XCConfigurationList;
			buildConfigurations = (
				33BBD52D96D0B89607C153B5 /* Debug */,
				DDFDFE9E3065BDE239105DC6 /* Release */,
			);
			defaultConfigurationIsVisible = 0;
			defaultConfigurationName = Debug;
		};
		FCB55631625BDB5896817516 /* Build configuration list for PBXNativeTarget "KachaTests" */ = {
			isa = XCConfigurationList;
			buildConfigurations = (
				54413577F70B828F74217B00 /* Debug */,
				AA99948BB5557EFBA220A32A /* Release */,
			);
			defaultConfigurationIsVisible = 0;
			defaultConfigurationName = Debug;
		};
/* End XCConfigurationList section */
	};
	rootObject = 0B5542499049F3EF46AF0716 /* Project object */;
}
